{"format_version":"1.2","terraform_version":"1.7.3","variables":{"alb-app-name":{"value":"3-tier-stack-alb-app"},"alb-sg-app-name":{"value":"3-tier-stack-alb-sg-app"},"alb-sg-web-name":{"value":"3-tier-stack-alb-sg-web"},"alb-web-name":{"value":"3-tier-stack-alb-web"},"app-db-sg-name":{"value":"3-tier-stack-app-db"},"app-instance-name":{"value":"3-tier-stack-app-instances"},"app-subnet1-cidr":{"value":"10.0.3.0/24"},"app-subnet1-name":{"value":"3-tier-stack-app-sn-1"},"app-subnet2-cidr":{"value":"10.0.4.0/24"},"app-subnet2-name":{"value":"3-tier-stack-app-sn-2"},"asg-app-name":{"value":"3-tier-stack-asg-app"},"asg-sg-app-name":{"value":"3-tier-stack-asg-sg-app"},"asg-sg-web-name":{"value":"3-tier-stack-asg-sg-web"},"asg-web-name":{"value":"3-tier-stack-asg-web"},"az-1":{"value":"eu-central-1a"},"az-2":{"value":"eu-central-1b"},"db-name":{"value":"postgres_instance"},"db-password":{"value":"mgruber12345"},"db-sg-name":{"value":"3-tier-stack-db-sg"},"db-subnet-grp-name":{"value":"3-tier-stack-db-sn-grp"},"db-subnet1-cidr":{"value":"10.0.5.0/24"},"db-subnet1-name":{"value":"3-tier-stack-db-sn-1"},"db-subnet2-cidr":{"value":"10.0.6.0/24"},"db-subnet2-name":{"value":"3-tier-stack-db-sn-2"},"db-username":{"value":"mgruber"},"igw-name":{"value":"3-tier-stack-igw"},"image-id":{"value":"ami-03484a09b43a06725"},"instance-class":{"value":"db.t3.micro"},"instance-type":{"value":"t2.micro"},"launch-template-app-name":{"value":"3-tier-stack-launch-template-app"},"launch-template-web-name":{"value":"3-tier-stack-launch-template-web"},"private-rt-name":{"value":"3-tier-stack-private-rt-table"},"public-rt-name":{"value":"3-tier-stack-public-rt-table"},"region-name":{"value":"eu-central-1"},"tg-app-name":{"value":"3-tier-stack-tg-app"},"tg-web-name":{"value":"3-tier-stack-tg-web"},"vpc-cidr-block":{"value":"10.0.0.0/16"},"vpc-name":{"value":"3-tier-stack-vpc"},"web-instance-name":{"value":"3-tier-stack-web-instances"},"web-subnet1-cidr":{"value":"10.0.1.0/24"},"web-subnet1-name":{"value":"3-tier-stack-web-sn-1"},"web-subnet2-cidr":{"value":"10.0.2.0/24"},"web-subnet2-name":{"value":"3-tier-stack-web-sn-2"}},"planned_values":{"outputs":{"web-server-dns":{"sensitive":false}},"root_module":{"resources":[{"address":"aws_autoscaling_group.asg-app","mode":"managed","type":"aws_autoscaling_group","name":"asg-app","provider_name":"registry.terraform.io/hashicorp/aws","schema_version":0,"values":{"capacity_rebalance":null,"context":null,"default_instance_warmup":null,"desired_capacity":2,"desired_capacity_type":null,"enabled_metrics":null,"force_delete":false,"force_delete_warm_pool":false,"health_check_grace_period":300,"health_check_type":"EC2","initial_lifecycle_hook":[],"instance_refresh":[],"launch_configuration":null,"launch_template":[{}],"load_balancers":null,"max_instance_lifetime":null,"max_size":4,"metrics_granularity":"1Minute","min_elb_capacity":null,"min_size":1,"mixed_instances_policy":[],"name":"3-tier-stack-asg-app","placement_group":null,"protect_from_scale_in":false,"suspended_processes":null,"tag":[],"tags":null,"termination_policies":null,"timeouts":null,"wait_for_capacity_timeout":"10m","wait_for_elb_capacity":null,"warm_pool":[]},"sensitive_values":{"availability_zones":[],"initial_lifecycle_hook":[],"instance_refresh":[],"launch_template":[{}],"mixed_instances_policy":[],"tag":[],"target_group_arns":[],"vpc_zone_identifier":[],"warm_pool":[]}},{"address":"aws_autoscaling_group.asg-web","mode":"managed","type":"aws_autoscaling_group","name":"asg-web","provider_name":"registry.terraform.io/hashicorp/aws","schema_version":0,"values":{"capacity_rebalance":null,"context":null,"default_instance_warmup":null,"desired_capacity":2,"desired_capacity_type":null,"enabled_metrics":null,"force_delete":false,"force_delete_warm_pool":false,"health_check_grace_period":300,"health_check_type":"EC2","initial_lifecycle_hook":[],"instance_refresh":[],"launch_configuration":null,"launch_template":[{}],"load_balancers":null,"max_instance_lifetime":null,"max_size":4,"metrics_granularity":"1Minute","min_elb_capacity":null,"min_size":1,"mixed_instances_policy":[],"name":"3-tier-stack-asg-web","placement_group":null,"protect_from_scale_in":false,"suspended_processes":null,"tag":[],"tags":null,"termination_policies":null,"timeouts":null,"wait_for_capacity_timeout":"10m","wait_for_elb_capacity":null,"warm_pool":[]},"sensitive_values":{"availability_zones":[],"initial_lifecycle_hook":[],"instance_refresh":[],"launch_template":[{}],"mixed_instances_policy":[],"tag":[],"target_group_arns":[],"vpc_zone_identifier":[],"warm_pool":[]}},{"address":"aws_db_instance.rds-db","mode":"managed","type":"aws_db_instance","name":"rds-db","provider_name":"registry.terraform.io/hashicorp/aws","schema_version":1,"values":{"allocated_storage":20,"allow_major_version_upgrade":null,"apply_immediately":false,"auto_minor_version_upgrade":true,"blue_green_update":[],"copy_tags_to_snapshot":false,"custom_iam_instance_profile":null,"customer_owned_ip_enabled":null,"db_name":"postgres_instance","db_subnet_group_name":"3-tier-stack-db-sn-grp","delete_automated_backups":true,"deletion_protection":null,"domain":null,"domain_iam_role_name":null,"enabled_cloudwatch_logs_exports":null,"engine":"postgres","engine_version":"16.2","final_snapshot_identifier":null,"iam_database_authentication_enabled":null,"instance_class":"db.t3.micro","manage_master_user_password":null,"max_allocated_storage":null,"monitoring_interval":0,"parameter_group_name":"default.postgres16","password":"mgruber12345","performance_insights_enabled":false,"publicly_accessible":false,"replicate_source_db":null,"restore_to_point_in_time":[],"s3_import":[],"security_group_names":null,"skip_final_snapshot":true,"storage_encrypted":null,"storage_type":"gp2","tags":null,"timeouts":null,"username":"mgruber"},"sensitive_values":{"blue_green_update":[],"listener_endpoint":[],"master_user_secret":[],"replicas":[],"restore_to_point_in_time":[],"s3_import":[],"tags_all":{},"vpc_security_group_ids":[]}},{"address":"aws_db_subnet_group.subnet-grp","mode":"managed","type":"aws_db_subnet_group","name":"subnet-grp","provider_name":"registry.terraform.io/hashicorp/aws","schema_version":0,"values":{"description":"Managed by Terraform","name":"3-tier-stack-db-sn-grp","tags":{"Name":"3-tier-stack-db-sn-grp"},"tags_all":{"Name":"3-tier-stack-db-sn-grp"}},"sensitive_values":{"subnet_ids":[],"supported_network_types":[],"tags":{},"tags_all":{}}},{"address":"aws_internet_gateway.internet-gw","mode":"managed","type":"aws_internet_gateway","name":"internet-gw","provider_name":"registry.terraform.io/hashicorp/aws","schema_version":0,"values":{"tags":{"Name":"3-tier-stack-igw"},"tags_all":{"Name":"3-tier-stack-igw"},"timeouts":null},"sensitive_values":{"tags":{},"tags_all":{}}},{"address":"aws_launch_template.template-app","mode":"managed","type":"aws_launch_template","name":"template-app","provider_name":"registry.terraform.io/hashicorp/aws","schema_version":0,"values":{"block_device_mappings":[],"capacity_reservation_specification":[],"cpu_options":[],"credit_specification":[],"description":null,"disable_api_stop":null,"disable_api_termination":null,"ebs_optimized":null,"elastic_gpu_specifications":[],"elastic_inference_accelerator":[],"enclave_options":[],"hibernation_options":[],"iam_instance_profile":[],"image_id":"ami-03484a09b43a06725","instance_initiated_shutdown_behavior":null,"instance_market_options":[],"instance_requirements":[],"instance_type":"t2.micro","kernel_id":null,"key_name":null,"license_specification":[],"maintenance_options":[],"monitoring":[],"name":"3-tier-stack-launch-template-app","network_interfaces":[{"associate_carrier_ip_address":null,"associate_public_ip_address":null,"delete_on_termination":null,"description":null,"device_index":0,"interface_type":null,"ipv4_address_count":null,"ipv4_addresses":null,"ipv4_prefix_count":null,"ipv4_prefixes":null,"ipv6_address_count":null,"ipv6_addresses":null,"ipv6_prefix_count":null,"ipv6_prefixes":null,"network_card_index":null,"network_interface_id":null,"private_ip_address":null,"subnet_id":null}],"placement":[],"private_dns_name_options":[],"ram_disk_id":null,"security_group_names":null,"tag_specifications":[{"resource_type":"instance","tags":{"Name":"3-tier-stack-app-instances"}}],"tags":null,"update_default_version":null,"user_data":null,"vpc_security_group_ids":null},"sensitive_values":{"block_device_mappings":[],"capacity_reservation_specification":[],"cpu_options":[],"credit_specification":[],"elastic_gpu_specifications":[],"elastic_inference_accelerator":[],"enclave_options":[],"hibernation_options":[],"iam_instance_profile":[],"instance_market_options":[],"instance_requirements":[],"license_specification":[],"maintenance_options":[],"metadata_options":[],"monitoring":[],"network_interfaces":[{"security_groups":[]}],"placement":[],"private_dns_name_options":[],"tag_specifications":[{"tags":{}}],"tags_all":{}}},{"address":"aws_launch_template.template-web","mode":"managed","type":"aws_launch_template","name":"template-web","provider_name":"registry.terraform.io/hashicorp/aws","schema_version":0,"values":{"block_device_mappings":[],"capacity_reservation_specification":[],"cpu_options":[],"credit_specification":[],"description":null,"disable_api_stop":null,"disable_api_termination":null,"ebs_optimized":null,"elastic_gpu_specifications":[],"elastic_inference_accelerator":[],"enclave_options":[],"hibernation_options":[],"iam_instance_profile":[],"image_id":"ami-03484a09b43a06725","instance_initiated_shutdown_behavior":null,"instance_market_options":[],"instance_requirements":[],"instance_type":"t2.micro","kernel_id":null,"key_name":null,"license_specification":[],"maintenance_options":[],"monitoring":[],"name":"3-tier-stack-launch-template-web","network_interfaces":[{"associate_carrier_ip_address":null,"associate_public_ip_address":null,"delete_on_termination":null,"description":null,"device_index":0,"interface_type":null,"ipv4_address_count":null,"ipv4_addresses":null,"ipv4_prefix_count":null,"ipv4_prefixes":null,"ipv6_address_count":null,"ipv6_addresses":null,"ipv6_prefix_count":null,"ipv6_prefixes":null,"network_card_index":null,"network_interface_id":null,"private_ip_address":null,"subnet_id":null}],"placement":[],"private_dns_name_options":[],"ram_disk_id":null,"security_group_names":null,"tag_specifications":[{"resource_type":"instance","tags":{"Name":"3-tier-stack-web-instances"}}],"tags":null,"update_default_version":null,"user_data":"IyEvYmluL2Jhc2gKIyBVc2UgdGhpcyBmb3IgeW91ciB1c2VyIGRhdGEgKHNjcmlwdCBmcm9tIHRvcCB0byBib3R0b20pCiMgaW5zdGFsbCBodHRwZCAoTGludXggMiB2ZXJzaW9uKQp5dW0gdXBkYXRlIC15Cnl1bSBpbnN0YWxsIC15IGh0dHBkCnN5c3RlbWN0bCBzdGFydCBodHRwZApzeXN0ZW1jdGwgZW5hYmxlIGh0dHBkCmVjaG8gIjxoMT5IZWxsbyBXb3JsZCBmcm9tICQoaG9zdG5hbWUgLWYpPC9oMT4iID4gL3Zhci93d3cvaHRtbC9pbmRleC5odG1sCg==","vpc_security_group_ids":null},"sensitive_values":{"block_device_mappings":[],"capacity_reservation_specification":[],"cpu_options":[],"credit_specification":[],"elastic_gpu_specifications":[],"elastic_inference_accelerator":[],"enclave_options":[],"hibernation_options":[],"iam_instance_profile":[],"instance_market_options":[],"instance_requirements":[],"license_specification":[],"maintenance_options":[],"metadata_options":[],"monitoring":[],"network_interfaces":[{"security_groups":[]}],"placement":[],"private_dns_name_options":[],"tag_specifications":[{"tags":{}}],"tags_all":{}}},{"address":"aws_lb.alb-app","mode":"managed","type":"aws_lb","name":"alb-app","provider_name":"registry.terraform.io/hashicorp/aws","schema_version":0,"values":{"access_logs":[],"customer_owned_ipv4_pool":null,"desync_mitigation_mode":"defensive","drop_invalid_header_fields":false,"enable_cross_zone_load_balancing":null,"enable_deletion_protection":false,"enable_http2":true,"enable_tls_version_and_cipher_suite_headers":false,"enable_waf_fail_open":false,"enable_xff_client_port":false,"idle_timeout":60,"internal":false,"load_balancer_type":"application","name":"3-tier-stack-alb-app","name_prefix":null,"preserve_host_header":false,"tags":null,"timeouts":null,"xff_header_processing_mode":"append"},"sensitive_values":{"access_logs":[],"security_groups":[],"subnet_mapping":[],"subnets":[],"tags_all":{}}},{"address":"aws_lb.alb-web","mode":"managed","type":"aws_lb","name":"alb-web","provider_name":"registry.terraform.io/hashicorp/aws","schema_version":0,"values":{"access_logs":[],"customer_owned_ipv4_pool":null,"desync_mitigation_mode":"defensive","drop_invalid_header_fields":false,"enable_cross_zone_load_balancing":null,"enable_deletion_protection":false,"enable_http2":true,"enable_tls_version_and_cipher_suite_headers":false,"enable_waf_fail_open":false,"enable_xff_client_port":false,"idle_timeout":60,"internal":false,"load_balancer_type":"application","name":"3-tier-stack-alb-web","name_prefix":null,"preserve_host_header":false,"tags":null,"timeouts":null,"xff_header_processing_mode":"append"},"sensitive_values":{"access_logs":[],"security_groups":[],"subnet_mapping":[],"subnets":[],"tags_all":{}}},{"address":"aws_lb_listener.alb_listener-app","mode":"managed","type":"aws_lb_listener","name":"alb_listener-app","provider_name":"registry.terraform.io/hashicorp/aws","schema_version":0,"values":{"alpn_policy":null,"certificate_arn":null,"default_action":[{"authenticate_cognito":[],"authenticate_oidc":[],"fixed_response":[],"forward":[],"redirect":[],"type":"forward"}],"port":80,"protocol":"HTTP","tags":null,"timeouts":null},"sensitive_values":{"default_action":[{"authenticate_cognito":[],"authenticate_oidc":[],"fixed_response":[],"forward":[],"redirect":[]}],"tags_all":{}}},{"address":"aws_lb_listener.alb_listener-web","mode":"managed","type":"aws_lb_listener","name":"alb_listener-web","provider_name":"registry.terraform.io/hashicorp/aws","schema_version":0,"values":{"alpn_policy":null,"certificate_arn":null,"default_action":[{"authenticate_cognito":[],"authenticate_oidc":[],"fixed_response":[],"forward":[],"redirect":[],"type":"forward"}],"port":80,"protocol":"HTTP","tags":null,"timeouts":null},"sensitive_values":{"default_action":[{"authenticate_cognito":[],"authenticate_oidc":[],"fixed_response":[],"forward":[],"redirect":[]}],"tags_all":{}}},{"address":"aws_lb_target_group.target-group-app","mode":"managed","type":"aws_lb_target_group","name":"target-group-app","provider_name":"registry.terraform.io/hashicorp/aws","schema_version":0,"values":{"connection_termination":false,"deregistration_delay":"300","health_check":[{"enabled":true,"healthy_threshold":3,"interval":30,"matcher":"200","path":"/","port":"traffic-port","protocol":"HTTP","unhealthy_threshold":3}],"lambda_multi_value_headers_enabled":false,"name":"3-tier-stack-tg-app","name_prefix":null,"port":80,"protocol":"HTTP","proxy_protocol_v2":false,"slow_start":0,"tags":null,"target_type":"instance"},"sensitive_values":{"health_check":[{}],"stickiness":[],"tags_all":{},"target_failover":[]}},{"address":"aws_lb_target_group.target-group-web","mode":"managed","type":"aws_lb_target_group","name":"target-group-web","provider_name":"registry.terraform.io/hashicorp/aws","schema_version":0,"values":{"connection_termination":false,"deregistration_delay":"300","health_check":[{"enabled":true,"healthy_threshold":3,"interval":30,"matcher":"200","path":"/","port":"traffic-port","protocol":"HTTP","unhealthy_threshold":3}],"lambda_multi_value_headers_enabled":false,"name":"3-tier-stack-tg-web","name_prefix":null,"port":80,"protocol":"HTTP","proxy_protocol_v2":false,"slow_start":0,"tags":null,"target_type":"instance"},"sensitive_values":{"health_check":[{}],"stickiness":[],"tags_all":{},"target_failover":[]}},{"address":"aws_route_table.private-route-table","mode":"managed","type":"aws_route_table","name":"private-route-table","provider_name":"registry.terraform.io/hashicorp/aws","schema_version":0,"values":{"tags":{"Name":"3-tier-stack-private-rt-table"},"tags_all":{"Name":"3-tier-stack-private-rt-table"},"timeouts":null},"sensitive_values":{"propagating_vgws":[],"route":[],"tags":{},"tags_all":{}}},{"address":"aws_route_table.public-route-table","mode":"managed","type":"aws_route_table","name":"public-route-table","provider_name":"registry.terraform.io/hashicorp/aws","schema_version":0,"values":{"route":[{"carrier_gateway_id":"","cidr_block":"0.0.0.0/0","core_network_arn":"","destination_prefix_list_id":"","egress_only_gateway_id":"","instance_id":"","ipv6_cidr_block":"","local_gateway_id":"","nat_gateway_id":"","network_interface_id":"","transit_gateway_id":"","vpc_endpoint_id":"","vpc_peering_connection_id":""}],"tags":{"Name":"3-tier-stack-public-rt-table"},"tags_all":{"Name":"3-tier-stack-public-rt-table"},"timeouts":null},"sensitive_values":{"propagating_vgws":[],"route":[{}],"tags":{},"tags_all":{}}},{"address":"aws_route_table_association.pri-rt-association-1","mode":"managed","type":"aws_route_table_association","name":"pri-rt-association-1","provider_name":"registry.terraform.io/hashicorp/aws","schema_version":0,"values":{"gateway_id":null,"timeouts":null},"sensitive_values":{}},{"address":"aws_route_table_association.pri-rt-association-2","mode":"managed","type":"aws_route_table_association","name":"pri-rt-association-2","provider_name":"registry.terraform.io/hashicorp/aws","schema_version":0,"values":{"gateway_id":null,"timeouts":null},"sensitive_values":{}},{"address":"aws_route_table_association.pub-rt-association-1","mode":"managed","type":"aws_route_table_association","name":"pub-rt-association-1","provider_name":"registry.terraform.io/hashicorp/aws","schema_version":0,"values":{"gateway_id":null,"timeouts":null},"sensitive_values":{}},{"address":"aws_route_table_association.pub-rt-association-2","mode":"managed","type":"aws_route_table_association","name":"pub-rt-association-2","provider_name":"registry.terraform.io/hashicorp/aws","schema_version":0,"values":{"gateway_id":null,"timeouts":null},"sensitive_values":{}},{"address":"aws_security_group.alb-security-group-app","mode":"managed","type":"aws_security_group","name":"alb-security-group-app","provider_name":"registry.terraform.io/hashicorp/aws","schema_version":1,"values":{"description":"ALB Security Group","egress":[{"cidr_blocks":["0.0.0.0/0"],"description":"","from_port":0,"ipv6_cidr_blocks":[],"prefix_list_ids":[],"protocol":"-1","security_groups":[],"self":false,"to_port":0}],"ingress":[{"cidr_blocks":[],"description":"HTTP from Internet","from_port":80,"ipv6_cidr_blocks":[],"prefix_list_ids":[],"protocol":"tcp","self":false,"to_port":80}],"name":"3-tier-stack-alb-sg-app","revoke_rules_on_delete":false,"tags":{"Name":"3-tier-stack-alb-sg-app"},"tags_all":{"Name":"3-tier-stack-alb-sg-app"},"timeouts":null},"sensitive_values":{"egress":[{"cidr_blocks":[false],"ipv6_cidr_blocks":[],"prefix_list_ids":[],"security_groups":[]}],"ingress":[{"cidr_blocks":[],"ipv6_cidr_blocks":[],"prefix_list_ids":[],"security_groups":[]}],"tags":{},"tags_all":{}}},{"address":"aws_security_group.alb-security-group-web","mode":"managed","type":"aws_security_group","name":"alb-security-group-web","provider_name":"registry.terraform.io/hashicorp/aws","schema_version":1,"values":{"description":"ALB Security Group","egress":[{"cidr_blocks":["0.0.0.0/0"],"description":"","from_port":0,"ipv6_cidr_blocks":[],"prefix_list_ids":[],"protocol":"-1","security_groups":[],"self":false,"to_port":0}],"ingress":[{"cidr_blocks":["0.0.0.0/0"],"description":"HTTP from Internet","from_port":80,"ipv6_cidr_blocks":[],"prefix_list_ids":[],"protocol":"tcp","security_groups":[],"self":false,"to_port":80}],"name":"3-tier-stack-alb-sg-web","revoke_rules_on_delete":false,"tags":{"Name":"3-tier-stack-alb-sg-web"},"tags_all":{"Name":"3-tier-stack-alb-sg-web"},"timeouts":null},"sensitive_values":{"egress":[{"cidr_blocks":[false],"ipv6_cidr_blocks":[],"prefix_list_ids":[],"security_groups":[]}],"ingress":[{"cidr_blocks":[false],"ipv6_cidr_blocks":[],"prefix_list_ids":[],"security_groups":[]}],"tags":{},"tags_all":{}}},{"address":"aws_security_group.asg-security-group-app","mode":"managed","type":"aws_security_group","name":"asg-security-group-app","provider_name":"registry.terraform.io/hashicorp/aws","schema_version":1,"values":{"description":"ASG Security Group","egress":[{"cidr_blocks":["0.0.0.0/0"],"description":"","from_port":0,"ipv6_cidr_blocks":[],"prefix_list_ids":[],"protocol":"-1","security_groups":[],"self":false,"to_port":0}],"ingress":[{"cidr_blocks":[],"description":"HTTP from ALB","from_port":80,"ipv6_cidr_blocks":[],"prefix_list_ids":[],"protocol":"tcp","self":false,"to_port":80},{"cidr_blocks":[],"description":"SSH From Anywhere or Your-IP","from_port":22,"ipv6_cidr_blocks":[],"prefix_list_ids":[],"protocol":"tcp","self":false,"to_port":22}],"name":"3-tier-stack-asg-sg-app","revoke_rules_on_delete":false,"tags":{"Name":"3-tier-stack-asg-sg-app"},"tags_all":{"Name":"3-tier-stack-asg-sg-app"},"timeouts":null},"sensitive_values":{"egress":[{"cidr_blocks":[false],"ipv6_cidr_blocks":[],"prefix_list_ids":[],"security_groups":[]}],"ingress":[{"cidr_blocks":[],"ipv6_cidr_blocks":[],"prefix_list_ids":[],"security_groups":[]},{"cidr_blocks":[],"ipv6_cidr_blocks":[],"prefix_list_ids":[],"security_groups":[]}],"tags":{},"tags_all":{}}},{"address":"aws_security_group.asg-security-group-web","mode":"managed","type":"aws_security_group","name":"asg-security-group-web","provider_name":"registry.terraform.io/hashicorp/aws","schema_version":1,"values":{"description":"ASG Security Group","egress":[{"cidr_blocks":["0.0.0.0/0"],"description":"","from_port":0,"ipv6_cidr_blocks":[],"prefix_list_ids":[],"protocol":"-1","security_groups":[],"self":false,"to_port":0}],"ingress":[{"cidr_blocks":["0.0.0.0/0"],"description":"SSH From Anywhere or Your-IP","from_port":22,"ipv6_cidr_blocks":[],"prefix_list_ids":[],"protocol":"tcp","security_groups":[],"self":false,"to_port":22},{"cidr_blocks":[],"description":"HTTP from ALB","from_port":80,"ipv6_cidr_blocks":[],"prefix_list_ids":[],"protocol":"tcp","self":false,"to_port":80}],"name":"3-tier-stack-asg-sg-web","revoke_rules_on_delete":false,"tags":{"Name":"3-tier-stack-asg-sg-web"},"tags_all":{"Name":"3-tier-stack-asg-sg-web"},"timeouts":null},"sensitive_values":{"egress":[{"cidr_blocks":[false],"ipv6_cidr_blocks":[],"prefix_list_ids":[],"security_groups":[]}],"ingress":[{"cidr_blocks":[false],"ipv6_cidr_blocks":[],"prefix_list_ids":[],"security_groups":[]},{"cidr_blocks":[],"ipv6_cidr_blocks":[],"prefix_list_ids":[],"security_groups":[]}],"tags":{},"tags_all":{}}},{"address":"aws_security_group.db-sg","mode":"managed","type":"aws_security_group","name":"db-sg","provider_name":"registry.terraform.io/hashicorp/aws","schema_version":1,"values":{"description":"DB Security Group","egress":[{"cidr_blocks":["0.0.0.0/0"],"description":"","from_port":0,"ipv6_cidr_blocks":[],"prefix_list_ids":[],"protocol":"-1","security_groups":[],"self":false,"to_port":0}],"ingress":[{"cidr_blocks":[],"description":"","from_port":5432,"ipv6_cidr_blocks":[],"prefix_list_ids":[],"protocol":"tcp","self":false,"to_port":5432}],"name":"3-tier-stack-db-sg","revoke_rules_on_delete":false,"tags":{"Name":"3-tier-stack-db-sg"},"tags_all":{"Name":"3-tier-stack-db-sg"},"timeouts":null},"sensitive_values":{"egress":[{"cidr_blocks":[false],"ipv6_cidr_blocks":[],"prefix_list_ids":[],"security_groups":[]}],"ingress":[{"cidr_blocks":[],"ipv6_cidr_blocks":[],"prefix_list_ids":[],"security_groups":[]}],"tags":{},"tags_all":{}}},{"address":"aws_subnet.app-subnet1","mode":"managed","type":"aws_subnet","name":"app-subnet1","provider_name":"registry.terraform.io/hashicorp/aws","schema_version":1,"values":{"assign_ipv6_address_on_creation":false,"availability_zone":"eu-central-1a","cidr_block":"10.0.3.0/24","customer_owned_ipv4_pool":null,"enable_dns64":false,"enable_lni_at_device_index":null,"enable_resource_name_dns_a_record_on_launch":false,"enable_resource_name_dns_aaaa_record_on_launch":false,"ipv6_cidr_block":null,"ipv6_native":false,"map_customer_owned_ip_on_launch":null,"map_public_ip_on_launch":false,"outpost_arn":null,"tags":{"Name":"3-tier-stack-app-sn-1"},"tags_all":{"Name":"3-tier-stack-app-sn-1"},"timeouts":null},"sensitive_values":{"tags":{},"tags_all":{}}},{"address":"aws_subnet.app-subnet2","mode":"managed","type":"aws_subnet","name":"app-subnet2","provider_name":"registry.terraform.io/hashicorp/aws","schema_version":1,"values":{"assign_ipv6_address_on_creation":false,"availability_zone":"eu-central-1b","cidr_block":"10.0.4.0/24","customer_owned_ipv4_pool":null,"enable_dns64":false,"enable_lni_at_device_index":null,"enable_resource_name_dns_a_record_on_launch":false,"enable_resource_name_dns_aaaa_record_on_launch":false,"ipv6_cidr_block":null,"ipv6_native":false,"map_customer_owned_ip_on_launch":null,"map_public_ip_on_launch":false,"outpost_arn":null,"tags":{"Name":"3-tier-stack-app-sn-2"},"tags_all":{"Name":"3-tier-stack-app-sn-2"},"timeouts":null},"sensitive_values":{"tags":{},"tags_all":{}}},{"address":"aws_subnet.db-subnet1","mode":"managed","type":"aws_subnet","name":"db-subnet1","provider_name":"registry.terraform.io/hashicorp/aws","schema_version":1,"values":{"assign_ipv6_address_on_creation":false,"availability_zone":"eu-central-1a","cidr_block":"10.0.5.0/24","customer_owned_ipv4_pool":null,"enable_dns64":false,"enable_lni_at_device_index":null,"enable_resource_name_dns_a_record_on_launch":false,"enable_resource_name_dns_aaaa_record_on_launch":false,"ipv6_cidr_block":null,"ipv6_native":false,"map_customer_owned_ip_on_launch":null,"map_public_ip_on_launch":false,"outpost_arn":null,"tags":{"Name":"3-tier-stack-db-sn-1"},"tags_all":{"Name":"3-tier-stack-db-sn-1"},"timeouts":null},"sensitive_values":{"tags":{},"tags_all":{}}},{"address":"aws_subnet.db-subnet2","mode":"managed","type":"aws_subnet","name":"db-subnet2","provider_name":"registry.terraform.io/hashicorp/aws","schema_version":1,"values":{"assign_ipv6_address_on_creation":false,"availability_zone":"eu-central-1b","cidr_block":"10.0.6.0/24","customer_owned_ipv4_pool":null,"enable_dns64":false,"enable_lni_at_device_index":null,"enable_resource_name_dns_a_record_on_launch":false,"enable_resource_name_dns_aaaa_record_on_launch":false,"ipv6_cidr_block":null,"ipv6_native":false,"map_customer_owned_ip_on_launch":null,"map_public_ip_on_launch":true,"outpost_arn":null,"tags":{"Name":"3-tier-stack-db-sn-2"},"tags_all":{"Name":"3-tier-stack-db-sn-2"},"timeouts":null},"sensitive_values":{"tags":{},"tags_all":{}}},{"address":"aws_subnet.web-subnet1","mode":"managed","type":"aws_subnet","name":"web-subnet1","provider_name":"registry.terraform.io/hashicorp/aws","schema_version":1,"values":{"assign_ipv6_address_on_creation":false,"availability_zone":"eu-central-1a","cidr_block":"10.0.1.0/24","customer_owned_ipv4_pool":null,"enable_dns64":false,"enable_lni_at_device_index":null,"enable_resource_name_dns_a_record_on_launch":false,"enable_resource_name_dns_aaaa_record_on_launch":false,"ipv6_cidr_block":null,"ipv6_native":false,"map_customer_owned_ip_on_launch":null,"map_public_ip_on_launch":true,"outpost_arn":null,"tags":{"Name":"3-tier-stack-web-sn-1"},"tags_all":{"Name":"3-tier-stack-web-sn-1"},"timeouts":null},"sensitive_values":{"tags":{},"tags_all":{}}},{"address":"aws_subnet.web-subnet2","mode":"managed","type":"aws_subnet","name":"web-subnet2","provider_name":"registry.terraform.io/hashicorp/aws","schema_version":1,"values":{"assign_ipv6_address_on_creation":false,"availability_zone":"eu-central-1b","cidr_block":"10.0.2.0/24","customer_owned_ipv4_pool":null,"enable_dns64":false,"enable_lni_at_device_index":null,"enable_resource_name_dns_a_record_on_launch":false,"enable_resource_name_dns_aaaa_record_on_launch":false,"ipv6_cidr_block":null,"ipv6_native":false,"map_customer_owned_ip_on_launch":null,"map_public_ip_on_launch":true,"outpost_arn":null,"tags":{"Name":"3-tier-stack-web-sn-2"},"tags_all":{"Name":"3-tier-stack-web-sn-2"},"timeouts":null},"sensitive_values":{"tags":{},"tags_all":{}}},{"address":"aws_vpc.vpc","mode":"managed","type":"aws_vpc","name":"vpc","provider_name":"registry.terraform.io/hashicorp/aws","schema_version":1,"values":{"assign_generated_ipv6_cidr_block":null,"cidr_block":"10.0.0.0/16","enable_dns_support":true,"instance_tenancy":"default","ipv4_ipam_pool_id":null,"ipv4_netmask_length":null,"ipv6_ipam_pool_id":null,"ipv6_netmask_length":null,"tags":{"Name":"3-tier-stack-vpc"},"tags_all":{"Name":"3-tier-stack-vpc"}},"sensitive_values":{"tags":{},"tags_all":{}}}]}},"resource_changes":[{"address":"aws_autoscaling_group.asg-app","mode":"managed","type":"aws_autoscaling_group","name":"asg-app","provider_name":"registry.terraform.io/hashicorp/aws","change":{"actions":["create"],"before":null,"after":{"capacity_rebalance":null,"context":null,"default_instance_warmup":null,"desired_capacity":2,"desired_capacity_type":null,"enabled_metrics":null,"force_delete":false,"force_delete_warm_pool":false,"health_check_grace_period":300,"health_check_type":"EC2","initial_lifecycle_hook":[],"instance_refresh":[],"launch_configuration":null,"launch_template":[{}],"load_balancers":null,"max_instance_lifetime":null,"max_size":4,"metrics_granularity":"1Minute","min_elb_capacity":null,"min_size":1,"mixed_instances_policy":[],"name":"3-tier-stack-asg-app","placement_group":null,"protect_from_scale_in":false,"suspended_processes":null,"tag":[],"tags":null,"termination_policies":null,"timeouts":null,"wait_for_capacity_timeout":"10m","wait_for_elb_capacity":null,"warm_pool":[]},"after_unknown":{"arn":true,"availability_zones":true,"default_cooldown":true,"id":true,"initial_lifecycle_hook":[],"instance_refresh":[],"launch_template":[{"id":true,"name":true,"version":true}],"mixed_instances_policy":[],"name_prefix":true,"predicted_capacity":true,"service_linked_role_arn":true,"tag":[],"target_group_arns":true,"vpc_zone_identifier":true,"warm_pool":[],"warm_pool_size":true},"before_sensitive":false,"after_sensitive":{"availability_zones":[],"initial_lifecycle_hook":[],"instance_refresh":[],"launch_template":[{}],"mixed_instances_policy":[],"tag":[],"target_group_arns":[],"vpc_zone_identifier":[],"warm_pool":[]}}},{"address":"aws_autoscaling_group.asg-web","mode":"managed","type":"aws_autoscaling_group","name":"asg-web","provider_name":"registry.terraform.io/hashicorp/aws","change":{"actions":["create"],"before":null,"after":{"capacity_rebalance":null,"context":null,"default_instance_warmup":null,"desired_capacity":2,"desired_capacity_type":null,"enabled_metrics":null,"force_delete":false,"force_delete_warm_pool":false,"health_check_grace_period":300,"health_check_type":"EC2","initial_lifecycle_hook":[],"instance_refresh":[],"launch_configuration":null,"launch_template":[{}],"load_balancers":null,"max_instance_lifetime":null,"max_size":4,"metrics_granularity":"1Minute","min_elb_capacity":null,"min_size":1,"mixed_instances_policy":[],"name":"3-tier-stack-asg-web","placement_group":null,"protect_from_scale_in":false,"suspended_processes":null,"tag":[],"tags":null,"termination_policies":null,"timeouts":null,"wait_for_capacity_timeout":"10m","wait_for_elb_capacity":null,"warm_pool":[]},"after_unknown":{"arn":true,"availability_zones":true,"default_cooldown":true,"id":true,"initial_lifecycle_hook":[],"instance_refresh":[],"launch_template":[{"id":true,"name":true,"version":true}],"mixed_instances_policy":[],"name_prefix":true,"predicted_capacity":true,"service_linked_role_arn":true,"tag":[],"target_group_arns":true,"vpc_zone_identifier":true,"warm_pool":[],"warm_pool_size":true},"before_sensitive":false,"after_sensitive":{"availability_zones":[],"initial_lifecycle_hook":[],"instance_refresh":[],"launch_template":[{}],"mixed_instances_policy":[],"tag":[],"target_group_arns":[],"vpc_zone_identifier":[],"warm_pool":[]}}},{"address":"aws_db_instance.rds-db","mode":"managed","type":"aws_db_instance","name":"rds-db","provider_name":"registry.terraform.io/hashicorp/aws","change":{"actions":["create"],"before":null,"after":{"allocated_storage":20,"allow_major_version_upgrade":null,"apply_immediately":false,"auto_minor_version_upgrade":true,"blue_green_update":[],"copy_tags_to_snapshot":false,"custom_iam_instance_profile":null,"customer_owned_ip_enabled":null,"db_name":"postgres_instance","db_subnet_group_name":"3-tier-stack-db-sn-grp","delete_automated_backups":true,"deletion_protection":null,"domain":null,"domain_iam_role_name":null,"enabled_cloudwatch_logs_exports":null,"engine":"postgres","engine_version":"16.2","final_snapshot_identifier":null,"iam_database_authentication_enabled":null,"instance_class":"db.t3.micro","manage_master_user_password":null,"max_allocated_storage":null,"monitoring_interval":0,"parameter_group_name":"default.postgres16","password":"mgruber12345","performance_insights_enabled":false,"publicly_accessible":false,"replicate_source_db":null,"restore_to_point_in_time":[],"s3_import":[],"security_group_names":null,"skip_final_snapshot":true,"storage_encrypted":null,"storage_type":"gp2","tags":null,"timeouts":null,"username":"mgruber"},"after_unknown":{"address":true,"arn":true,"availability_zone":true,"backup_retention_period":true,"backup_window":true,"blue_green_update":[],"ca_cert_identifier":true,"character_set_name":true,"endpoint":true,"engine_version_actual":true,"hosted_zone_id":true,"id":true,"identifier":true,"identifier_prefix":true,"iops":true,"kms_key_id":true,"latest_restorable_time":true,"license_model":true,"listener_endpoint":true,"maintenance_window":true,"master_user_secret":true,"master_user_secret_kms_key_id":true,"monitoring_role_arn":true,"multi_az":true,"name":true,"nchar_character_set_name":true,"network_type":true,"option_group_name":true,"performance_insights_kms_key_id":true,"performance_insights_retention_period":true,"port":true,"replica_mode":true,"replicas":true,"resource_id":true,"restore_to_point_in_time":[],"s3_import":[],"snapshot_identifier":true,"status":true,"storage_throughput":true,"tags_all":true,"timezone":true,"vpc_security_group_ids":true},"before_sensitive":false,"after_sensitive":{"blue_green_update":[],"listener_endpoint":[],"master_user_secret":[],"password":true,"replicas":[],"restore_to_point_in_time":[],"s3_import":[],"tags_all":{},"vpc_security_group_ids":[]}}},{"address":"aws_db_subnet_group.subnet-grp","mode":"managed","type":"aws_db_subnet_group","name":"subnet-grp","provider_name":"registry.terraform.io/hashicorp/aws","change":{"actions":["create"],"before":null,"after":{"description":"Managed by Terraform","name":"3-tier-stack-db-sn-grp","tags":{"Name":"3-tier-stack-db-sn-grp"},"tags_all":{"Name":"3-tier-stack-db-sn-grp"}},"after_unknown":{"arn":true,"id":true,"name_prefix":true,"subnet_ids":true,"supported_network_types":true,"tags":{},"tags_all":{},"vpc_id":true},"before_sensitive":false,"after_sensitive":{"subnet_ids":[],"supported_network_types":[],"tags":{},"tags_all":{}}}},{"address":"aws_internet_gateway.internet-gw","mode":"managed","type":"aws_internet_gateway","name":"internet-gw","provider_name":"registry.terraform.io/hashicorp/aws","change":{"actions":["create"],"before":null,"after":{"tags":{"Name":"3-tier-stack-igw"},"tags_all":{"Name":"3-tier-stack-igw"},"timeouts":null},"after_unknown":{"arn":true,"id":true,"owner_id":true,"tags":{},"tags_all":{},"vpc_id":true},"before_sensitive":false,"after_sensitive":{"tags":{},"tags_all":{}}}},{"address":"aws_launch_template.template-app","mode":"managed","type":"aws_launch_template","name":"template-app","provider_name":"registry.terraform.io/hashicorp/aws","change":{"actions":["create"],"before":null,"after":{"block_device_mappings":[],"capacity_reservation_specification":[],"cpu_options":[],"credit_specification":[],"description":null,"disable_api_stop":null,"disable_api_termination":null,"ebs_optimized":null,"elastic_gpu_specifications":[],"elastic_inference_accelerator":[],"enclave_options":[],"hibernation_options":[],"iam_instance_profile":[],"image_id":"ami-03484a09b43a06725","instance_initiated_shutdown_behavior":null,"instance_market_options":[],"instance_requirements":[],"instance_type":"t2.micro","kernel_id":null,"key_name":null,"license_specification":[],"maintenance_options":[],"monitoring":[],"name":"3-tier-stack-launch-template-app","network_interfaces":[{"associate_carrier_ip_address":null,"associate_public_ip_address":null,"delete_on_termination":null,"description":null,"device_index":0,"interface_type":null,"ipv4_address_count":null,"ipv4_addresses":null,"ipv4_prefix_count":null,"ipv4_prefixes":null,"ipv6_address_count":null,"ipv6_addresses":null,"ipv6_prefix_count":null,"ipv6_prefixes":null,"network_card_index":null,"network_interface_id":null,"private_ip_address":null,"subnet_id":null}],"placement":[],"private_dns_name_options":[],"ram_disk_id":null,"security_group_names":null,"tag_specifications":[{"resource_type":"instance","tags":{"Name":"3-tier-stack-app-instances"}}],"tags":null,"update_default_version":null,"user_data":null,"vpc_security_group_ids":null},"after_unknown":{"arn":true,"block_device_mappings":[],"capacity_reservation_specification":[],"cpu_options":[],"credit_specification":[],"default_version":true,"elastic_gpu_specifications":[],"elastic_inference_accelerator":[],"enclave_options":[],"hibernation_options":[],"iam_instance_profile":[],"id":true,"instance_market_options":[],"instance_requirements":[],"latest_version":true,"license_specification":[],"maintenance_options":[],"metadata_options":true,"monitoring":[],"name_prefix":true,"network_interfaces":[{"security_groups":true}],"placement":[],"private_dns_name_options":[],"tag_specifications":[{"tags":{}}],"tags_all":true},"before_sensitive":false,"after_sensitive":{"block_device_mappings":[],"capacity_reservation_specification":[],"cpu_options":[],"credit_specification":[],"elastic_gpu_specifications":[],"elastic_inference_accelerator":[],"enclave_options":[],"hibernation_options":[],"iam_instance_profile":[],"instance_market_options":[],"instance_requirements":[],"license_specification":[],"maintenance_options":[],"metadata_options":[],"monitoring":[],"network_interfaces":[{"security_groups":[]}],"placement":[],"private_dns_name_options":[],"tag_specifications":[{"tags":{}}],"tags_all":{}}}},{"address":"aws_launch_template.template-web","mode":"managed","type":"aws_launch_template","name":"template-web","provider_name":"registry.terraform.io/hashicorp/aws","change":{"actions":["create"],"before":null,"after":{"block_device_mappings":[],"capacity_reservation_specification":[],"cpu_options":[],"credit_specification":[],"description":null,"disable_api_stop":null,"disable_api_termination":null,"ebs_optimized":null,"elastic_gpu_specifications":[],"elastic_inference_accelerator":[],"enclave_options":[],"hibernation_options":[],"iam_instance_profile":[],"image_id":"ami-03484a09b43a06725","instance_initiated_shutdown_behavior":null,"instance_market_options":[],"instance_requirements":[],"instance_type":"t2.micro","kernel_id":null,"key_name":null,"license_specification":[],"maintenance_options":[],"monitoring":[],"name":"3-tier-stack-launch-template-web","network_interfaces":[{"associate_carrier_ip_address":null,"associate_public_ip_address":null,"delete_on_termination":null,"description":null,"device_index":0,"interface_type":null,"ipv4_address_count":null,"ipv4_addresses":null,"ipv4_prefix_count":null,"ipv4_prefixes":null,"ipv6_address_count":null,"ipv6_addresses":null,"ipv6_prefix_count":null,"ipv6_prefixes":null,"network_card_index":null,"network_interface_id":null,"private_ip_address":null,"subnet_id":null}],"placement":[],"private_dns_name_options":[],"ram_disk_id":null,"security_group_names":null,"tag_specifications":[{"resource_type":"instance","tags":{"Name":"3-tier-stack-web-instances"}}],"tags":null,"update_default_version":null,"user_data":"IyEvYmluL2Jhc2gKIyBVc2UgdGhpcyBmb3IgeW91ciB1c2VyIGRhdGEgKHNjcmlwdCBmcm9tIHRvcCB0byBib3R0b20pCiMgaW5zdGFsbCBodHRwZCAoTGludXggMiB2ZXJzaW9uKQp5dW0gdXBkYXRlIC15Cnl1bSBpbnN0YWxsIC15IGh0dHBkCnN5c3RlbWN0bCBzdGFydCBodHRwZApzeXN0ZW1jdGwgZW5hYmxlIGh0dHBkCmVjaG8gIjxoMT5IZWxsbyBXb3JsZCBmcm9tICQoaG9zdG5hbWUgLWYpPC9oMT4iID4gL3Zhci93d3cvaHRtbC9pbmRleC5odG1sCg==","vpc_security_group_ids":null},"after_unknown":{"arn":true,"block_device_mappings":[],"capacity_reservation_specification":[],"cpu_options":[],"credit_specification":[],"default_version":true,"elastic_gpu_specifications":[],"elastic_inference_accelerator":[],"enclave_options":[],"hibernation_options":[],"iam_instance_profile":[],"id":true,"instance_market_options":[],"instance_requirements":[],"latest_version":true,"license_specification":[],"maintenance_options":[],"metadata_options":true,"monitoring":[],"name_prefix":true,"network_interfaces":[{"security_groups":true}],"placement":[],"private_dns_name_options":[],"tag_specifications":[{"tags":{}}],"tags_all":true},"before_sensitive":false,"after_sensitive":{"block_device_mappings":[],"capacity_reservation_specification":[],"cpu_options":[],"credit_specification":[],"elastic_gpu_specifications":[],"elastic_inference_accelerator":[],"enclave_options":[],"hibernation_options":[],"iam_instance_profile":[],"instance_market_options":[],"instance_requirements":[],"license_specification":[],"maintenance_options":[],"metadata_options":[],"monitoring":[],"network_interfaces":[{"security_groups":[]}],"placement":[],"private_dns_name_options":[],"tag_specifications":[{"tags":{}}],"tags_all":{}}}},{"address":"aws_lb.alb-app","mode":"managed","type":"aws_lb","name":"alb-app","provider_name":"registry.terraform.io/hashicorp/aws","change":{"actions":["create"],"before":null,"after":{"access_logs":[],"customer_owned_ipv4_pool":null,"desync_mitigation_mode":"defensive","drop_invalid_header_fields":false,"enable_cross_zone_load_balancing":null,"enable_deletion_protection":false,"enable_http2":true,"enable_tls_version_and_cipher_suite_headers":false,"enable_waf_fail_open":false,"enable_xff_client_port":false,"idle_timeout":60,"internal":false,"load_balancer_type":"application","name":"3-tier-stack-alb-app","name_prefix":null,"preserve_host_header":false,"tags":null,"timeouts":null,"xff_header_processing_mode":"append"},"after_unknown":{"access_logs":[],"arn":true,"arn_suffix":true,"dns_name":true,"id":true,"ip_address_type":true,"security_groups":true,"subnet_mapping":true,"subnets":true,"tags_all":true,"vpc_id":true,"zone_id":true},"before_sensitive":false,"after_sensitive":{"access_logs":[],"security_groups":[],"subnet_mapping":[],"subnets":[],"tags_all":{}}}},{"address":"aws_lb.alb-web","mode":"managed","type":"aws_lb","name":"alb-web","provider_name":"registry.terraform.io/hashicorp/aws","change":{"actions":["create"],"before":null,"after":{"access_logs":[],"customer_owned_ipv4_pool":null,"desync_mitigation_mode":"defensive","drop_invalid_header_fields":false,"enable_cross_zone_load_balancing":null,"enable_deletion_protection":false,"enable_http2":true,"enable_tls_version_and_cipher_suite_headers":false,"enable_waf_fail_open":false,"enable_xff_client_port":false,"idle_timeout":60,"internal":false,"load_balancer_type":"application","name":"3-tier-stack-alb-web","name_prefix":null,"preserve_host_header":false,"tags":null,"timeouts":null,"xff_header_processing_mode":"append"},"after_unknown":{"access_logs":[],"arn":true,"arn_suffix":true,"dns_name":true,"id":true,"ip_address_type":true,"security_groups":true,"subnet_mapping":true,"subnets":true,"tags_all":true,"vpc_id":true,"zone_id":true},"before_sensitive":false,"after_sensitive":{"access_logs":[],"security_groups":[],"subnet_mapping":[],"subnets":[],"tags_all":{}}}},{"address":"aws_lb_listener.alb_listener-app","mode":"managed","type":"aws_lb_listener","name":"alb_listener-app","provider_name":"registry.terraform.io/hashicorp/aws","change":{"actions":["create"],"before":null,"after":{"alpn_policy":null,"certificate_arn":null,"default_action":[{"authenticate_cognito":[],"authenticate_oidc":[],"fixed_response":[],"forward":[],"redirect":[],"type":"forward"}],"port":80,"protocol":"HTTP","tags":null,"timeouts":null},"after_unknown":{"arn":true,"default_action":[{"authenticate_cognito":[],"authenticate_oidc":[],"fixed_response":[],"forward":[],"order":true,"redirect":[],"target_group_arn":true}],"id":true,"load_balancer_arn":true,"ssl_policy":true,"tags_all":true},"before_sensitive":false,"after_sensitive":{"default_action":[{"authenticate_cognito":[],"authenticate_oidc":[],"fixed_response":[],"forward":[],"redirect":[]}],"tags_all":{}}}},{"address":"aws_lb_listener.alb_listener-web","mode":"managed","type":"aws_lb_listener","name":"alb_listener-web","provider_name":"registry.terraform.io/hashicorp/aws","change":{"actions":["create"],"before":null,"after":{"alpn_policy":null,"certificate_arn":null,"default_action":[{"authenticate_cognito":[],"authenticate_oidc":[],"fixed_response":[],"forward":[],"redirect":[],"type":"forward"}],"port":80,"protocol":"HTTP","tags":null,"timeouts":null},"after_unknown":{"arn":true,"default_action":[{"authenticate_cognito":[],"authenticate_oidc":[],"fixed_response":[],"forward":[],"order":true,"redirect":[],"target_group_arn":true}],"id":true,"load_balancer_arn":true,"ssl_policy":true,"tags_all":true},"before_sensitive":false,"after_sensitive":{"default_action":[{"authenticate_cognito":[],"authenticate_oidc":[],"fixed_response":[],"forward":[],"redirect":[]}],"tags_all":{}}}},{"address":"aws_lb_target_group.target-group-app","mode":"managed","type":"aws_lb_target_group","name":"target-group-app","provider_name":"registry.terraform.io/hashicorp/aws","change":{"actions":["create"],"before":null,"after":{"connection_termination":false,"deregistration_delay":"300","health_check":[{"enabled":true,"healthy_threshold":3,"interval":30,"matcher":"200","path":"/","port":"traffic-port","protocol":"HTTP","unhealthy_threshold":3}],"lambda_multi_value_headers_enabled":false,"name":"3-tier-stack-tg-app","name_prefix":null,"port":80,"protocol":"HTTP","proxy_protocol_v2":false,"slow_start":0,"tags":null,"target_type":"instance"},"after_unknown":{"arn":true,"arn_suffix":true,"health_check":[{"timeout":true}],"id":true,"ip_address_type":true,"load_balancing_algorithm_type":true,"load_balancing_cross_zone_enabled":true,"preserve_client_ip":true,"protocol_version":true,"stickiness":true,"tags_all":true,"target_failover":true,"vpc_id":true},"before_sensitive":false,"after_sensitive":{"health_check":[{}],"stickiness":[],"tags_all":{},"target_failover":[]}}},{"address":"aws_lb_target_group.target-group-web","mode":"managed","type":"aws_lb_target_group","name":"target-group-web","provider_name":"registry.terraform.io/hashicorp/aws","change":{"actions":["create"],"before":null,"after":{"connection_termination":false,"deregistration_delay":"300","health_check":[{"enabled":true,"healthy_threshold":3,"interval":30,"matcher":"200","path":"/","port":"traffic-port","protocol":"HTTP","unhealthy_threshold":3}],"lambda_multi_value_headers_enabled":false,"name":"3-tier-stack-tg-web","name_prefix":null,"port":80,"protocol":"HTTP","proxy_protocol_v2":false,"slow_start":0,"tags":null,"target_type":"instance"},"after_unknown":{"arn":true,"arn_suffix":true,"health_check":[{"timeout":true}],"id":true,"ip_address_type":true,"load_balancing_algorithm_type":true,"load_balancing_cross_zone_enabled":true,"preserve_client_ip":true,"protocol_version":true,"stickiness":true,"tags_all":true,"target_failover":true,"vpc_id":true},"before_sensitive":false,"after_sensitive":{"health_check":[{}],"stickiness":[],"tags_all":{},"target_failover":[]}}},{"address":"aws_route_table.private-route-table","mode":"managed","type":"aws_route_table","name":"private-route-table","provider_name":"registry.terraform.io/hashicorp/aws","change":{"actions":["create"],"before":null,"after":{"tags":{"Name":"3-tier-stack-private-rt-table"},"tags_all":{"Name":"3-tier-stack-private-rt-table"},"timeouts":null},"after_unknown":{"arn":true,"id":true,"owner_id":true,"propagating_vgws":true,"route":true,"tags":{},"tags_all":{},"vpc_id":true},"before_sensitive":false,"after_sensitive":{"propagating_vgws":[],"route":[],"tags":{},"tags_all":{}}}},{"address":"aws_route_table.public-route-table","mode":"managed","type":"aws_route_table","name":"public-route-table","provider_name":"registry.terraform.io/hashicorp/aws","change":{"actions":["create"],"before":null,"after":{"route":[{"carrier_gateway_id":"","cidr_block":"0.0.0.0/0","core_network_arn":"","destination_prefix_list_id":"","egress_only_gateway_id":"","instance_id":"","ipv6_cidr_block":"","local_gateway_id":"","nat_gateway_id":"","network_interface_id":"","transit_gateway_id":"","vpc_endpoint_id":"","vpc_peering_connection_id":""}],"tags":{"Name":"3-tier-stack-public-rt-table"},"tags_all":{"Name":"3-tier-stack-public-rt-table"},"timeouts":null},"after_unknown":{"arn":true,"id":true,"owner_id":true,"propagating_vgws":true,"route":[{"gateway_id":true}],"tags":{},"tags_all":{},"vpc_id":true},"before_sensitive":false,"after_sensitive":{"propagating_vgws":[],"route":[{}],"tags":{},"tags_all":{}}}},{"address":"aws_route_table_association.pri-rt-association-1","mode":"managed","type":"aws_route_table_association","name":"pri-rt-association-1","provider_name":"registry.terraform.io/hashicorp/aws","change":{"actions":["create"],"before":null,"after":{"gateway_id":null,"timeouts":null},"after_unknown":{"id":true,"route_table_id":true,"subnet_id":true},"before_sensitive":false,"after_sensitive":{}}},{"address":"aws_route_table_association.pri-rt-association-2","mode":"managed","type":"aws_route_table_association","name":"pri-rt-association-2","provider_name":"registry.terraform.io/hashicorp/aws","change":{"actions":["create"],"before":null,"after":{"gateway_id":null,"timeouts":null},"after_unknown":{"id":true,"route_table_id":true,"subnet_id":true},"before_sensitive":false,"after_sensitive":{}}},{"address":"aws_route_table_association.pub-rt-association-1","mode":"managed","type":"aws_route_table_association","name":"pub-rt-association-1","provider_name":"registry.terraform.io/hashicorp/aws","change":{"actions":["create"],"before":null,"after":{"gateway_id":null,"timeouts":null},"after_unknown":{"id":true,"route_table_id":true,"subnet_id":true},"before_sensitive":false,"after_sensitive":{}}},{"address":"aws_route_table_association.pub-rt-association-2","mode":"managed","type":"aws_route_table_association","name":"pub-rt-association-2","provider_name":"registry.terraform.io/hashicorp/aws","change":{"actions":["create"],"before":null,"after":{"gateway_id":null,"timeouts":null},"after_unknown":{"id":true,"route_table_id":true,"subnet_id":true},"before_sensitive":false,"after_sensitive":{}}},{"address":"aws_security_group.alb-security-group-app","mode":"managed","type":"aws_security_group","name":"alb-security-group-app","provider_name":"registry.terraform.io/hashicorp/aws","change":{"actions":["create"],"before":null,"after":{"description":"ALB Security Group","egress":[{"cidr_blocks":["0.0.0.0/0"],"description":"","from_port":0,"ipv6_cidr_blocks":[],"prefix_list_ids":[],"protocol":"-1","security_groups":[],"self":false,"to_port":0}],"ingress":[{"cidr_blocks":[],"description":"HTTP from Internet","from_port":80,"ipv6_cidr_blocks":[],"prefix_list_ids":[],"protocol":"tcp","self":false,"to_port":80}],"name":"3-tier-stack-alb-sg-app","revoke_rules_on_delete":false,"tags":{"Name":"3-tier-stack-alb-sg-app"},"tags_all":{"Name":"3-tier-stack-alb-sg-app"},"timeouts":null},"after_unknown":{"arn":true,"egress":[{"cidr_blocks":[false],"ipv6_cidr_blocks":[],"prefix_list_ids":[],"security_groups":[]}],"id":true,"ingress":[{"cidr_blocks":[],"ipv6_cidr_blocks":[],"prefix_list_ids":[],"security_groups":true}],"name_prefix":true,"owner_id":true,"tags":{},"tags_all":{},"vpc_id":true},"before_sensitive":false,"after_sensitive":{"egress":[{"cidr_blocks":[false],"ipv6_cidr_blocks":[],"prefix_list_ids":[],"security_groups":[]}],"ingress":[{"cidr_blocks":[],"ipv6_cidr_blocks":[],"prefix_list_ids":[],"security_groups":[]}],"tags":{},"tags_all":{}}}},{"address":"aws_security_group.alb-security-group-web","mode":"managed","type":"aws_security_group","name":"alb-security-group-web","provider_name":"registry.terraform.io/hashicorp/aws","change":{"actions":["create"],"before":null,"after":{"description":"ALB Security Group","egress":[{"cidr_blocks":["0.0.0.0/0"],"description":"","from_port":0,"ipv6_cidr_blocks":[],"prefix_list_ids":[],"protocol":"-1","security_groups":[],"self":false,"to_port":0}],"ingress":[{"cidr_blocks":["0.0.0.0/0"],"description":"HTTP from Internet","from_port":80,"ipv6_cidr_blocks":[],"prefix_list_ids":[],"protocol":"tcp","security_groups":[],"self":false,"to_port":80}],"name":"3-tier-stack-alb-sg-web","revoke_rules_on_delete":false,"tags":{"Name":"3-tier-stack-alb-sg-web"},"tags_all":{"Name":"3-tier-stack-alb-sg-web"},"timeouts":null},"after_unknown":{"arn":true,"egress":[{"cidr_blocks":[false],"ipv6_cidr_blocks":[],"prefix_list_ids":[],"security_groups":[]}],"id":true,"ingress":[{"cidr_blocks":[false],"ipv6_cidr_blocks":[],"prefix_list_ids":[],"security_groups":[]}],"name_prefix":true,"owner_id":true,"tags":{},"tags_all":{},"vpc_id":true},"before_sensitive":false,"after_sensitive":{"egress":[{"cidr_blocks":[false],"ipv6_cidr_blocks":[],"prefix_list_ids":[],"security_groups":[]}],"ingress":[{"cidr_blocks":[false],"ipv6_cidr_blocks":[],"prefix_list_ids":[],"security_groups":[]}],"tags":{},"tags_all":{}}}},{"address":"aws_security_group.asg-security-group-app","mode":"managed","type":"aws_security_group","name":"asg-security-group-app","provider_name":"registry.terraform.io/hashicorp/aws","change":{"actions":["create"],"before":null,"after":{"description":"ASG Security Group","egress":[{"cidr_blocks":["0.0.0.0/0"],"description":"","from_port":0,"ipv6_cidr_blocks":[],"prefix_list_ids":[],"protocol":"-1","security_groups":[],"self":false,"to_port":0}],"ingress":[{"cidr_blocks":[],"description":"HTTP from ALB","from_port":80,"ipv6_cidr_blocks":[],"prefix_list_ids":[],"protocol":"tcp","self":false,"to_port":80},{"cidr_blocks":[],"description":"SSH From Anywhere or Your-IP","from_port":22,"ipv6_cidr_blocks":[],"prefix_list_ids":[],"protocol":"tcp","self":false,"to_port":22}],"name":"3-tier-stack-asg-sg-app","revoke_rules_on_delete":false,"tags":{"Name":"3-tier-stack-asg-sg-app"},"tags_all":{"Name":"3-tier-stack-asg-sg-app"},"timeouts":null},"after_unknown":{"arn":true,"egress":[{"cidr_blocks":[false],"ipv6_cidr_blocks":[],"prefix_list_ids":[],"security_groups":[]}],"id":true,"ingress":[{"cidr_blocks":[],"ipv6_cidr_blocks":[],"prefix_list_ids":[],"security_groups":true},{"cidr_blocks":[],"ipv6_cidr_blocks":[],"prefix_list_ids":[],"security_groups":true}],"name_prefix":true,"owner_id":true,"tags":{},"tags_all":{},"vpc_id":true},"before_sensitive":false,"after_sensitive":{"egress":[{"cidr_blocks":[false],"ipv6_cidr_blocks":[],"prefix_list_ids":[],"security_groups":[]}],"ingress":[{"cidr_blocks":[],"ipv6_cidr_blocks":[],"prefix_list_ids":[],"security_groups":[]},{"cidr_blocks":[],"ipv6_cidr_blocks":[],"prefix_list_ids":[],"security_groups":[]}],"tags":{},"tags_all":{}}}},{"address":"aws_security_group.asg-security-group-web","mode":"managed","type":"aws_security_group","name":"asg-security-group-web","provider_name":"registry.terraform.io/hashicorp/aws","change":{"actions":["create"],"before":null,"after":{"description":"ASG Security Group","egress":[{"cidr_blocks":["0.0.0.0/0"],"description":"","from_port":0,"ipv6_cidr_blocks":[],"prefix_list_ids":[],"protocol":"-1","security_groups":[],"self":false,"to_port":0}],"ingress":[{"cidr_blocks":["0.0.0.0/0"],"description":"SSH From Anywhere or Your-IP","from_port":22,"ipv6_cidr_blocks":[],"prefix_list_ids":[],"protocol":"tcp","security_groups":[],"self":false,"to_port":22},{"cidr_blocks":[],"description":"HTTP from ALB","from_port":80,"ipv6_cidr_blocks":[],"prefix_list_ids":[],"protocol":"tcp","self":false,"to_port":80}],"name":"3-tier-stack-asg-sg-web","revoke_rules_on_delete":false,"tags":{"Name":"3-tier-stack-asg-sg-web"},"tags_all":{"Name":"3-tier-stack-asg-sg-web"},"timeouts":null},"after_unknown":{"arn":true,"egress":[{"cidr_blocks":[false],"ipv6_cidr_blocks":[],"prefix_list_ids":[],"security_groups":[]}],"id":true,"ingress":[{"cidr_blocks":[false],"ipv6_cidr_blocks":[],"prefix_list_ids":[],"security_groups":[]},{"cidr_blocks":[],"ipv6_cidr_blocks":[],"prefix_list_ids":[],"security_groups":true}],"name_prefix":true,"owner_id":true,"tags":{},"tags_all":{},"vpc_id":true},"before_sensitive":false,"after_sensitive":{"egress":[{"cidr_blocks":[false],"ipv6_cidr_blocks":[],"prefix_list_ids":[],"security_groups":[]}],"ingress":[{"cidr_blocks":[false],"ipv6_cidr_blocks":[],"prefix_list_ids":[],"security_groups":[]},{"cidr_blocks":[],"ipv6_cidr_blocks":[],"prefix_list_ids":[],"security_groups":[]}],"tags":{},"tags_all":{}}}},{"address":"aws_security_group.db-sg","mode":"managed","type":"aws_security_group","name":"db-sg","provider_name":"registry.terraform.io/hashicorp/aws","change":{"actions":["create"],"before":null,"after":{"description":"DB Security Group","egress":[{"cidr_blocks":["0.0.0.0/0"],"description":"","from_port":0,"ipv6_cidr_blocks":[],"prefix_list_ids":[],"protocol":"-1","security_groups":[],"self":false,"to_port":0}],"ingress":[{"cidr_blocks":[],"description":"","from_port":5432,"ipv6_cidr_blocks":[],"prefix_list_ids":[],"protocol":"tcp","self":false,"to_port":5432}],"name":"3-tier-stack-db-sg","revoke_rules_on_delete":false,"tags":{"Name":"3-tier-stack-db-sg"},"tags_all":{"Name":"3-tier-stack-db-sg"},"timeouts":null},"after_unknown":{"arn":true,"egress":[{"cidr_blocks":[false],"ipv6_cidr_blocks":[],"prefix_list_ids":[],"security_groups":[]}],"id":true,"ingress":[{"cidr_blocks":[],"ipv6_cidr_blocks":[],"prefix_list_ids":[],"security_groups":true}],"name_prefix":true,"owner_id":true,"tags":{},"tags_all":{},"vpc_id":true},"before_sensitive":false,"after_sensitive":{"egress":[{"cidr_blocks":[false],"ipv6_cidr_blocks":[],"prefix_list_ids":[],"security_groups":[]}],"ingress":[{"cidr_blocks":[],"ipv6_cidr_blocks":[],"prefix_list_ids":[],"security_groups":[]}],"tags":{},"tags_all":{}}}},{"address":"aws_subnet.app-subnet1","mode":"managed","type":"aws_subnet","name":"app-subnet1","provider_name":"registry.terraform.io/hashicorp/aws","change":{"actions":["create"],"before":null,"after":{"assign_ipv6_address_on_creation":false,"availability_zone":"eu-central-1a","cidr_block":"10.0.3.0/24","customer_owned_ipv4_pool":null,"enable_dns64":false,"enable_lni_at_device_index":null,"enable_resource_name_dns_a_record_on_launch":false,"enable_resource_name_dns_aaaa_record_on_launch":false,"ipv6_cidr_block":null,"ipv6_native":false,"map_customer_owned_ip_on_launch":null,"map_public_ip_on_launch":false,"outpost_arn":null,"tags":{"Name":"3-tier-stack-app-sn-1"},"tags_all":{"Name":"3-tier-stack-app-sn-1"},"timeouts":null},"after_unknown":{"arn":true,"availability_zone_id":true,"id":true,"ipv6_cidr_block_association_id":true,"owner_id":true,"private_dns_hostname_type_on_launch":true,"tags":{},"tags_all":{},"vpc_id":true},"before_sensitive":false,"after_sensitive":{"tags":{},"tags_all":{}}}},{"address":"aws_subnet.app-subnet2","mode":"managed","type":"aws_subnet","name":"app-subnet2","provider_name":"registry.terraform.io/hashicorp/aws","change":{"actions":["create"],"before":null,"after":{"assign_ipv6_address_on_creation":false,"availability_zone":"eu-central-1b","cidr_block":"10.0.4.0/24","customer_owned_ipv4_pool":null,"enable_dns64":false,"enable_lni_at_device_index":null,"enable_resource_name_dns_a_record_on_launch":false,"enable_resource_name_dns_aaaa_record_on_launch":false,"ipv6_cidr_block":null,"ipv6_native":false,"map_customer_owned_ip_on_launch":null,"map_public_ip_on_launch":false,"outpost_arn":null,"tags":{"Name":"3-tier-stack-app-sn-2"},"tags_all":{"Name":"3-tier-stack-app-sn-2"},"timeouts":null},"after_unknown":{"arn":true,"availability_zone_id":true,"id":true,"ipv6_cidr_block_association_id":true,"owner_id":true,"private_dns_hostname_type_on_launch":true,"tags":{},"tags_all":{},"vpc_id":true},"before_sensitive":false,"after_sensitive":{"tags":{},"tags_all":{}}}},{"address":"aws_subnet.db-subnet1","mode":"managed","type":"aws_subnet","name":"db-subnet1","provider_name":"registry.terraform.io/hashicorp/aws","change":{"actions":["create"],"before":null,"after":{"assign_ipv6_address_on_creation":false,"availability_zone":"eu-central-1a","cidr_block":"10.0.5.0/24","customer_owned_ipv4_pool":null,"enable_dns64":false,"enable_lni_at_device_index":null,"enable_resource_name_dns_a_record_on_launch":false,"enable_resource_name_dns_aaaa_record_on_launch":false,"ipv6_cidr_block":null,"ipv6_native":false,"map_customer_owned_ip_on_launch":null,"map_public_ip_on_launch":false,"outpost_arn":null,"tags":{"Name":"3-tier-stack-db-sn-1"},"tags_all":{"Name":"3-tier-stack-db-sn-1"},"timeouts":null},"after_unknown":{"arn":true,"availability_zone_id":true,"id":true,"ipv6_cidr_block_association_id":true,"owner_id":true,"private_dns_hostname_type_on_launch":true,"tags":{},"tags_all":{},"vpc_id":true},"before_sensitive":false,"after_sensitive":{"tags":{},"tags_all":{}}}},{"address":"aws_subnet.db-subnet2","mode":"managed","type":"aws_subnet","name":"db-subnet2","provider_name":"registry.terraform.io/hashicorp/aws","change":{"actions":["create"],"before":null,"after":{"assign_ipv6_address_on_creation":false,"availability_zone":"eu-central-1b","cidr_block":"10.0.6.0/24","customer_owned_ipv4_pool":null,"enable_dns64":false,"enable_lni_at_device_index":null,"enable_resource_name_dns_a_record_on_launch":false,"enable_resource_name_dns_aaaa_record_on_launch":false,"ipv6_cidr_block":null,"ipv6_native":false,"map_customer_owned_ip_on_launch":null,"map_public_ip_on_launch":true,"outpost_arn":null,"tags":{"Name":"3-tier-stack-db-sn-2"},"tags_all":{"Name":"3-tier-stack-db-sn-2"},"timeouts":null},"after_unknown":{"arn":true,"availability_zone_id":true,"id":true,"ipv6_cidr_block_association_id":true,"owner_id":true,"private_dns_hostname_type_on_launch":true,"tags":{},"tags_all":{},"vpc_id":true},"before_sensitive":false,"after_sensitive":{"tags":{},"tags_all":{}}}},{"address":"aws_subnet.web-subnet1","mode":"managed","type":"aws_subnet","name":"web-subnet1","provider_name":"registry.terraform.io/hashicorp/aws","change":{"actions":["create"],"before":null,"after":{"assign_ipv6_address_on_creation":false,"availability_zone":"eu-central-1a","cidr_block":"10.0.1.0/24","customer_owned_ipv4_pool":null,"enable_dns64":false,"enable_lni_at_device_index":null,"enable_resource_name_dns_a_record_on_launch":false,"enable_resource_name_dns_aaaa_record_on_launch":false,"ipv6_cidr_block":null,"ipv6_native":false,"map_customer_owned_ip_on_launch":null,"map_public_ip_on_launch":true,"outpost_arn":null,"tags":{"Name":"3-tier-stack-web-sn-1"},"tags_all":{"Name":"3-tier-stack-web-sn-1"},"timeouts":null},"after_unknown":{"arn":true,"availability_zone_id":true,"id":true,"ipv6_cidr_block_association_id":true,"owner_id":true,"private_dns_hostname_type_on_launch":true,"tags":{},"tags_all":{},"vpc_id":true},"before_sensitive":false,"after_sensitive":{"tags":{},"tags_all":{}}}},{"address":"aws_subnet.web-subnet2","mode":"managed","type":"aws_subnet","name":"web-subnet2","provider_name":"registry.terraform.io/hashicorp/aws","change":{"actions":["create"],"before":null,"after":{"assign_ipv6_address_on_creation":false,"availability_zone":"eu-central-1b","cidr_block":"10.0.2.0/24","customer_owned_ipv4_pool":null,"enable_dns64":false,"enable_lni_at_device_index":null,"enable_resource_name_dns_a_record_on_launch":false,"enable_resource_name_dns_aaaa_record_on_launch":false,"ipv6_cidr_block":null,"ipv6_native":false,"map_customer_owned_ip_on_launch":null,"map_public_ip_on_launch":true,"outpost_arn":null,"tags":{"Name":"3-tier-stack-web-sn-2"},"tags_all":{"Name":"3-tier-stack-web-sn-2"},"timeouts":null},"after_unknown":{"arn":true,"availability_zone_id":true,"id":true,"ipv6_cidr_block_association_id":true,"owner_id":true,"private_dns_hostname_type_on_launch":true,"tags":{},"tags_all":{},"vpc_id":true},"before_sensitive":false,"after_sensitive":{"tags":{},"tags_all":{}}}},{"address":"aws_vpc.vpc","mode":"managed","type":"aws_vpc","name":"vpc","provider_name":"registry.terraform.io/hashicorp/aws","change":{"actions":["create"],"before":null,"after":{"assign_generated_ipv6_cidr_block":null,"cidr_block":"10.0.0.0/16","enable_dns_support":true,"instance_tenancy":"default","ipv4_ipam_pool_id":null,"ipv4_netmask_length":null,"ipv6_ipam_pool_id":null,"ipv6_netmask_length":null,"tags":{"Name":"3-tier-stack-vpc"},"tags_all":{"Name":"3-tier-stack-vpc"}},"after_unknown":{"arn":true,"default_network_acl_id":true,"default_route_table_id":true,"default_security_group_id":true,"dhcp_options_id":true,"enable_classiclink":true,"enable_classiclink_dns_support":true,"enable_dns_hostnames":true,"enable_network_address_usage_metrics":true,"id":true,"ipv6_association_id":true,"ipv6_cidr_block":true,"ipv6_cidr_block_network_border_group":true,"main_route_table_id":true,"owner_id":true,"tags":{},"tags_all":{}},"before_sensitive":false,"after_sensitive":{"tags":{},"tags_all":{}}}}],"output_changes":{"web-server-dns":{"actions":["create"],"before":null,"after_unknown":true,"before_sensitive":false,"after_sensitive":false}},"configuration":{"provider_config":{"aws":{"name":"aws","full_name":"registry.terraform.io/hashicorp/aws","version_constraint":"~\u003e 4.16","expressions":{"region":{"references":["var.region-name"]}}}},"root_module":{"outputs":{"web-server-dns":{"expression":{"references":["aws_lb.alb-web.dns_name","aws_lb.alb-web"]}}},"resources":[{"address":"aws_autoscaling_group.asg-app","mode":"managed","type":"aws_autoscaling_group","name":"asg-app","provider_config_key":"aws","expressions":{"desired_capacity":{"constant_value":2},"health_check_type":{"constant_value":"EC2"},"launch_template":[{"id":{"references":["aws_launch_template.template-app.id","aws_launch_template.template-app"]},"version":{"references":["aws_launch_template.template-app.latest_version","aws_launch_template.template-app"]}}],"max_size":{"constant_value":4},"min_size":{"constant_value":1},"name":{"references":["var.asg-app-name"]},"target_group_arns":{"references":["aws_lb_target_group.target-group-app.arn","aws_lb_target_group.target-group-app"]},"vpc_zone_identifier":{"references":["aws_subnet.app-subnet1.id","aws_subnet.app-subnet1","aws_subnet.app-subnet2.id","aws_subnet.app-subnet2"]}},"schema_version":0},{"address":"aws_autoscaling_group.asg-web","mode":"managed","type":"aws_autoscaling_group","name":"asg-web","provider_config_key":"aws","expressions":{"desired_capacity":{"constant_value":2},"health_check_type":{"constant_value":"EC2"},"launch_template":[{"id":{"references":["aws_launch_template.template-web.id","aws_launch_template.template-web"]},"version":{"references":["aws_launch_template.template-web.latest_version","aws_launch_template.template-web"]}}],"max_size":{"constant_value":4},"min_size":{"constant_value":1},"name":{"references":["var.asg-web-name"]},"target_group_arns":{"references":["aws_lb_target_group.target-group-web.arn","aws_lb_target_group.target-group-web"]},"vpc_zone_identifier":{"references":["aws_subnet.web-subnet1.id","aws_subnet.web-subnet1","aws_subnet.web-subnet2.id","aws_subnet.web-subnet2"]}},"schema_version":0},{"address":"aws_db_instance.rds-db","mode":"managed","type":"aws_db_instance","name":"rds-db","provider_config_key":"aws","expressions":{"allocated_storage":{"constant_value":20},"db_name":{"references":["var.db-name"]},"db_subnet_group_name":{"references":["aws_db_subnet_group.subnet-grp.name","aws_db_subnet_group.subnet-grp"]},"engine":{"constant_value":"postgres"},"engine_version":{"constant_value":"16.2"},"instance_class":{"references":["var.instance-class"]},"parameter_group_name":{"constant_value":"default.postgres16"},"password":{"references":["var.db-password"]},"skip_final_snapshot":{"constant_value":true},"storage_type":{"constant_value":"gp2"},"username":{"references":["var.db-username"]},"vpc_security_group_ids":{"references":["aws_security_group.db-sg.id","aws_security_group.db-sg"]}},"schema_version":1},{"address":"aws_db_subnet_group.subnet-grp","mode":"managed","type":"aws_db_subnet_group","name":"subnet-grp","provider_config_key":"aws","expressions":{"name":{"references":["var.db-subnet-grp-name"]},"subnet_ids":{"references":["aws_subnet.db-subnet1.id","aws_subnet.db-subnet1","aws_subnet.db-subnet2.id","aws_subnet.db-subnet2"]},"tags":{"references":["var.db-subnet-grp-name"]}},"schema_version":0},{"address":"aws_internet_gateway.internet-gw","mode":"managed","type":"aws_internet_gateway","name":"internet-gw","provider_config_key":"aws","expressions":{"tags":{"references":["var.igw-name"]},"vpc_id":{"references":["aws_vpc.vpc.id","aws_vpc.vpc"]}},"schema_version":0},{"address":"aws_launch_template.template-app","mode":"managed","type":"aws_launch_template","name":"template-app","provider_config_key":"aws","expressions":{"image_id":{"references":["var.image-id"]},"instance_type":{"references":["var.instance-type"]},"name":{"references":["var.launch-template-app-name"]},"network_interfaces":[{"device_index":{"constant_value":0},"security_groups":{"references":["aws_security_group.asg-security-group-app.id","aws_security_group.asg-security-group-app"]}}],"tag_specifications":[{"resource_type":{"constant_value":"instance"},"tags":{"references":["var.app-instance-name"]}}]},"schema_version":0},{"address":"aws_launch_template.template-web","mode":"managed","type":"aws_launch_template","name":"template-web","provider_config_key":"aws","expressions":{"image_id":{"references":["var.image-id"]},"instance_type":{"references":["var.instance-type"]},"name":{"references":["var.launch-template-web-name"]},"network_interfaces":[{"device_index":{"constant_value":0},"security_groups":{"references":["aws_security_group.asg-security-group-web.id","aws_security_group.asg-security-group-web"]}}],"tag_specifications":[{"resource_type":{"constant_value":"instance"},"tags":{"references":["var.web-instance-name"]}}],"user_data":{}},"schema_version":0},{"address":"aws_lb.alb-app","mode":"managed","type":"aws_lb","name":"alb-app","provider_config_key":"aws","expressions":{"internal":{"constant_value":false},"load_balancer_type":{"constant_value":"application"},"name":{"references":["var.alb-app-name"]},"security_groups":{"references":["aws_security_group.alb-security-group-app.id","aws_security_group.alb-security-group-app"]},"subnets":{"references":["aws_subnet.app-subnet1.id","aws_subnet.app-subnet1","aws_subnet.app-subnet2.id","aws_subnet.app-subnet2"]}},"schema_version":0},{"address":"aws_lb.alb-web","mode":"managed","type":"aws_lb","name":"alb-web","provider_config_key":"aws","expressions":{"internal":{"constant_value":false},"load_balancer_type":{"constant_value":"application"},"name":{"references":["var.alb-web-name"]},"security_groups":{"references":["aws_security_group.alb-security-group-web.id","aws_security_group.alb-security-group-web"]},"subnets":{"references":["aws_subnet.web-subnet1.id","aws_subnet.web-subnet1","aws_subnet.web-subnet2.id","aws_subnet.web-subnet2"]}},"schema_version":0},{"address":"aws_lb_listener.alb_listener-app","mode":"managed","type":"aws_lb_listener","name":"alb_listener-app","provider_config_key":"aws","expressions":{"default_action":[{"target_group_arn":{"references":["aws_lb_target_group.target-group-app.arn","aws_lb_target_group.target-group-app"]},"type":{"constant_value":"forward"}}],"load_balancer_arn":{"references":["aws_lb.alb-app.arn","aws_lb.alb-app"]},"port":{"constant_value":"80"},"protocol":{"constant_value":"HTTP"}},"schema_version":0},{"address":"aws_lb_listener.alb_listener-web","mode":"managed","type":"aws_lb_listener","name":"alb_listener-web","provider_config_key":"aws","expressions":{"default_action":[{"target_group_arn":{"references":["aws_lb_target_group.target-group-web.arn","aws_lb_target_group.target-group-web"]},"type":{"constant_value":"forward"}}],"load_balancer_arn":{"references":["aws_lb.alb-web.arn","aws_lb.alb-web"]},"port":{"constant_value":"80"},"protocol":{"constant_value":"HTTP"}},"schema_version":0},{"address":"aws_lb_target_group.target-group-app","mode":"managed","type":"aws_lb_target_group","name":"target-group-app","provider_config_key":"aws","expressions":{"health_check":[{"matcher":{"constant_value":200},"path":{"constant_value":"/"}}],"name":{"references":["var.tg-app-name"]},"port":{"constant_value":80},"protocol":{"constant_value":"HTTP"},"vpc_id":{"references":["aws_vpc.vpc.id","aws_vpc.vpc"]}},"schema_version":0},{"address":"aws_lb_target_group.target-group-web","mode":"managed","type":"aws_lb_target_group","name":"target-group-web","provider_config_key":"aws","expressions":{"health_check":[{"matcher":{"constant_value":200},"path":{"constant_value":"/"}}],"name":{"references":["var.tg-web-name"]},"port":{"constant_value":80},"protocol":{"constant_value":"HTTP"},"vpc_id":{"references":["aws_vpc.vpc.id","aws_vpc.vpc"]}},"schema_version":0},{"address":"aws_route_table.private-route-table","mode":"managed","type":"aws_route_table","name":"private-route-table","provider_config_key":"aws","expressions":{"tags":{"references":["var.private-rt-name"]},"vpc_id":{"references":["aws_vpc.vpc.id","aws_vpc.vpc"]}},"schema_version":0},{"address":"aws_route_table.public-route-table","mode":"managed","type":"aws_route_table","name":"public-route-table","provider_config_key":"aws","expressions":{"route":{"references":["aws_internet_gateway.internet-gw.id","aws_internet_gateway.internet-gw"]},"tags":{"references":["var.public-rt-name"]},"vpc_id":{"references":["aws_vpc.vpc.id","aws_vpc.vpc"]}},"schema_version":0},{"address":"aws_route_table_association.pri-rt-association-1","mode":"managed","type":"aws_route_table_association","name":"pri-rt-association-1","provider_config_key":"aws","expressions":{"route_table_id":{"references":["aws_route_table.private-route-table.id","aws_route_table.private-route-table"]},"subnet_id":{"references":["aws_subnet.app-subnet1.id","aws_subnet.app-subnet1"]}},"schema_version":0},{"address":"aws_route_table_association.pri-rt-association-2","mode":"managed","type":"aws_route_table_association","name":"pri-rt-association-2","provider_config_key":"aws","expressions":{"route_table_id":{"references":["aws_route_table.private-route-table.id","aws_route_table.private-route-table"]},"subnet_id":{"references":["aws_subnet.app-subnet2.id","aws_subnet.app-subnet2"]}},"schema_version":0},{"address":"aws_route_table_association.pub-rt-association-1","mode":"managed","type":"aws_route_table_association","name":"pub-rt-association-1","provider_config_key":"aws","expressions":{"route_table_id":{"references":["aws_route_table.public-route-table.id","aws_route_table.public-route-table"]},"subnet_id":{"references":["aws_subnet.web-subnet1.id","aws_subnet.web-subnet1"]}},"schema_version":0},{"address":"aws_route_table_association.pub-rt-association-2","mode":"managed","type":"aws_route_table_association","name":"pub-rt-association-2","provider_config_key":"aws","expressions":{"route_table_id":{"references":["aws_route_table.public-route-table.id","aws_route_table.public-route-table"]},"subnet_id":{"references":["aws_subnet.web-subnet2.id","aws_subnet.web-subnet2"]}},"schema_version":0},{"address":"aws_security_group.alb-security-group-app","mode":"managed","type":"aws_security_group","name":"alb-security-group-app","provider_config_key":"aws","expressions":{"description":{"constant_value":"ALB Security Group"},"egress":{"constant_value":[{"cidr_blocks":["0.0.0.0/0"],"description":null,"from_port":0,"ipv6_cidr_blocks":null,"prefix_list_ids":null,"protocol":"-1","security_groups":null,"self":null,"to_port":0}]},"ingress":{"references":["aws_security_group.asg-security-group-web.id","aws_security_group.asg-security-group-web"]},"name":{"references":["var.alb-sg-app-name"]},"tags":{"references":["var.alb-sg-app-name"]},"vpc_id":{"references":["aws_vpc.vpc.id","aws_vpc.vpc"]}},"schema_version":1},{"address":"aws_security_group.alb-security-group-web","mode":"managed","type":"aws_security_group","name":"alb-security-group-web","provider_config_key":"aws","expressions":{"description":{"constant_value":"ALB Security Group"},"egress":{"constant_value":[{"cidr_blocks":["0.0.0.0/0"],"description":null,"from_port":0,"ipv6_cidr_blocks":null,"prefix_list_ids":null,"protocol":"-1","security_groups":null,"self":null,"to_port":0}]},"ingress":{"constant_value":[{"cidr_blocks":["0.0.0.0/0"],"description":"HTTP from Internet","from_port":80,"ipv6_cidr_blocks":null,"prefix_list_ids":null,"protocol":"tcp","security_groups":null,"self":null,"to_port":80}]},"name":{"references":["var.alb-sg-web-name"]},"tags":{"references":["var.alb-sg-web-name"]},"vpc_id":{"references":["aws_vpc.vpc.id","aws_vpc.vpc"]}},"schema_version":1},{"address":"aws_security_group.asg-security-group-app","mode":"managed","type":"aws_security_group","name":"asg-security-group-app","provider_config_key":"aws","expressions":{"description":{"constant_value":"ASG Security Group"},"egress":{"constant_value":[{"cidr_blocks":["0.0.0.0/0"],"description":null,"from_port":0,"ipv6_cidr_blocks":null,"prefix_list_ids":null,"protocol":"-1","security_groups":null,"self":null,"to_port":0}]},"ingress":{"references":["aws_security_group.alb-security-group-app.id","aws_security_group.alb-security-group-app","aws_security_group.asg-security-group-web.id","aws_security_group.asg-security-group-web"]},"name":{"references":["var.asg-sg-app-name"]},"tags":{"references":["var.asg-sg-app-name"]},"vpc_id":{"references":["aws_vpc.vpc.id","aws_vpc.vpc"]}},"schema_version":1},{"address":"aws_security_group.asg-security-group-web","mode":"managed","type":"aws_security_group","name":"asg-security-group-web","provider_config_key":"aws","expressions":{"description":{"constant_value":"ASG Security Group"},"egress":{"constant_value":[{"cidr_blocks":["0.0.0.0/0"],"description":null,"from_port":0,"ipv6_cidr_blocks":null,"prefix_list_ids":null,"protocol":"-1","security_groups":null,"self":null,"to_port":0}]},"ingress":{"references":["aws_security_group.alb-security-group-web.id","aws_security_group.alb-security-group-web"]},"name":{"references":["var.asg-sg-web-name"]},"tags":{"references":["var.asg-sg-web-name"]},"vpc_id":{"references":["aws_vpc.vpc.id","aws_vpc.vpc"]}},"schema_version":1},{"address":"aws_security_group.db-sg","mode":"managed","type":"aws_security_group","name":"db-sg","provider_config_key":"aws","expressions":{"description":{"constant_value":"DB Security Group"},"egress":{"constant_value":[{"cidr_blocks":["0.0.0.0/0"],"description":null,"from_port":0,"ipv6_cidr_blocks":null,"prefix_list_ids":null,"protocol":"-1","security_groups":null,"self":null,"to_port":0}]},"ingress":{"references":["aws_security_group.asg-security-group-app.id","aws_security_group.asg-security-group-app"]},"name":{"references":["var.db-sg-name"]},"tags":{"references":["var.db-sg-name"]},"vpc_id":{"references":["aws_vpc.vpc.id","aws_vpc.vpc"]}},"schema_version":1},{"address":"aws_subnet.app-subnet1","mode":"managed","type":"aws_subnet","name":"app-subnet1","provider_config_key":"aws","expressions":{"availability_zone":{"references":["var.az-1"]},"cidr_block":{"references":["var.app-subnet1-cidr"]},"map_public_ip_on_launch":{"constant_value":false},"tags":{"references":["var.app-subnet1-name"]},"vpc_id":{"references":["aws_vpc.vpc.id","aws_vpc.vpc"]}},"schema_version":1},{"address":"aws_subnet.app-subnet2","mode":"managed","type":"aws_subnet","name":"app-subnet2","provider_config_key":"aws","expressions":{"availability_zone":{"references":["var.az-2"]},"cidr_block":{"references":["var.app-subnet2-cidr"]},"map_public_ip_on_launch":{"constant_value":false},"tags":{"references":["var.app-subnet2-name"]},"vpc_id":{"references":["aws_vpc.vpc.id","aws_vpc.vpc"]}},"schema_version":1},{"address":"aws_subnet.db-subnet1","mode":"managed","type":"aws_subnet","name":"db-subnet1","provider_config_key":"aws","expressions":{"availability_zone":{"references":["var.az-1"]},"cidr_block":{"references":["var.db-subnet1-cidr"]},"map_public_ip_on_launch":{"constant_value":false},"tags":{"references":["var.db-subnet1-name"]},"vpc_id":{"references":["aws_vpc.vpc.id","aws_vpc.vpc"]}},"schema_version":1},{"address":"aws_subnet.db-subnet2","mode":"managed","type":"aws_subnet","name":"db-subnet2","provider_config_key":"aws","expressions":{"availability_zone":{"references":["var.az-2"]},"cidr_block":{"references":["var.db-subnet2-cidr"]},"map_public_ip_on_launch":{"constant_value":true},"tags":{"references":["var.db-subnet2-name"]},"vpc_id":{"references":["aws_vpc.vpc.id","aws_vpc.vpc"]}},"schema_version":1},{"address":"aws_subnet.web-subnet1","mode":"managed","type":"aws_subnet","name":"web-subnet1","provider_config_key":"aws","expressions":{"availability_zone":{"references":["var.az-1"]},"cidr_block":{"references":["var.web-subnet1-cidr"]},"map_public_ip_on_launch":{"constant_value":true},"tags":{"references":["var.web-subnet1-name"]},"vpc_id":{"references":["aws_vpc.vpc.id","aws_vpc.vpc"]}},"schema_version":1},{"address":"aws_subnet.web-subnet2","mode":"managed","type":"aws_subnet","name":"web-subnet2","provider_config_key":"aws","expressions":{"availability_zone":{"references":["var.az-2"]},"cidr_block":{"references":["var.web-subnet2-cidr"]},"map_public_ip_on_launch":{"constant_value":true},"tags":{"references":["var.web-subnet2-name"]},"vpc_id":{"references":["aws_vpc.vpc.id","aws_vpc.vpc"]}},"schema_version":1},{"address":"aws_vpc.vpc","mode":"managed","type":"aws_vpc","name":"vpc","provider_config_key":"aws","expressions":{"cidr_block":{"references":["var.vpc-cidr-block"]},"tags":{"references":["var.vpc-name"]}},"schema_version":1}],"variables":{"alb-app-name":{"description":"Name for the Load Balancer in the App Tier"},"alb-sg-app-name":{"description":"Name for Security Group of the App Tier Load Balancer"},"alb-sg-web-name":{"description":"Name for Security Group of the Web Tier Load Balancer"},"alb-web-name":{"description":"Name for the Load Balancer in the Web Tier"},"app-db-sg-name":{"description":"Name for Security Group of the App-DB Connection"},"app-instance-name":{"description":"Name for App Instances"},"app-subnet1-cidr":{"description":"CIDR Block for Application-tier Subnet-1"},"app-subnet1-name":{"description":"Name for Application-tier Subnet-1"},"app-subnet2-cidr":{"description":"CIDR Block for Application-tier Subnet-2"},"app-subnet2-name":{"description":"Name for Application-tier Subnet-2"},"asg-app-name":{"description":"Name for the Auto Scaling Group in the App Tier"},"asg-sg-app-name":{"description":"Name for Security Group of the App Tier Auto Scaling Group"},"asg-sg-web-name":{"description":"Name for Security Group of the Web Tier Auto Scaling Group"},"asg-web-name":{"description":"Name for the Auto Scaling Group in the Web Tier"},"az-1":{"description":"Availability Zone 1"},"az-2":{"description":"Availability Zone 2"},"db-name":{"description":"Name for the Database"},"db-password":{"description":"Password for the Database Instance"},"db-sg-name":{"description":"Name for Security Group of the Database"},"db-subnet-grp-name":{"description":"Name for Database Subnet Group"},"db-subnet1-cidr":{"description":"CIDR Block for Database-tier Subnet-1"},"db-subnet1-name":{"description":"Name for Database-tier Subnet-1"},"db-subnet2-cidr":{"description":"CIDR Block for Database-tier Subnet-2"},"db-subnet2-name":{"description":"Name for Database-tier Subnet-2"},"db-username":{"description":"Username for the Database Instance"},"igw-name":{"description":"Name for the Internet Gateway"},"image-id":{"description":"AMI ID for EC2 Instances"},"instance-class":{"description":"Instance class for the Database Instance"},"instance-type":{"description":"Instance type for EC2 Instances"},"launch-template-app-name":{"description":"Name for Launch Template App"},"launch-template-web-name":{"description":"Name for Launch Template Web"},"private-rt-name":{"description":"Name for Private Route Table"},"public-rt-name":{"description":"Name for Public Route Table"},"region-name":{"description":"AWS Region name"},"tg-app-name":{"description":"Name for Target Group in the App Tier"},"tg-web-name":{"description":"Name for Target Group in the Web Tier"},"vpc-cidr-block":{"description":"CIDR Block for the Virtual Private Cloud"},"vpc-name":{"description":"Name for the Virtual Private Cloud"},"web-instance-name":{"description":"Name for Web Instances"},"web-subnet1-cidr":{"description":"CIDR Block for Web-tier Subnet-1"},"web-subnet1-name":{"description":"Name for Web-tier Subnet-1"},"web-subnet2-cidr":{"description":"CIDR Block for Web-tier Subnet-2"},"web-subnet2-name":{"description":"Name for Web-tier Subnet-2"}}}},"relevant_attributes":[{"resource":"aws_security_group.asg-security-group-web","attribute":["id"]},{"resource":"aws_launch_template.template-web","attribute":["id"]},{"resource":"aws_launch_template.template-app","attribute":["id"]},{"resource":"aws_vpc.vpc","attribute":["id"]},{"resource":"aws_subnet.app-subnet2","attribute":["id"]},{"resource":"aws_security_group.asg-security-group-app","attribute":["id"]},{"resource":"aws_launch_template.template-web","attribute":["latest_version"]},{"resource":"aws_db_subnet_group.subnet-grp","attribute":["name"]},{"resource":"aws_launch_template.template-app","attribute":["latest_version"]},{"resource":"aws_security_group.db-sg","attribute":["id"]},{"resource":"aws_subnet.app-subnet1","attribute":["id"]},{"resource":"aws_subnet.db-subnet1","attribute":["id"]},{"resource":"aws_subnet.web-subnet2","attribute":["id"]},{"resource":"aws_lb_target_group.target-group-web","attribute":["arn"]},{"resource":"aws_subnet.db-subnet2","attribute":["id"]},{"resource":"aws_subnet.web-subnet1","attribute":["id"]},{"resource":"aws_route_table.public-route-table","attribute":["id"]},{"resource":"aws_security_group.alb-security-group-app","attribute":["id"]},{"resource":"aws_lb.alb-app","attribute":["arn"]},{"resource":"aws_internet_gateway.internet-gw","attribute":["id"]},{"resource":"aws_route_table.private-route-table","attribute":["id"]},{"resource":"aws_lb_target_group.target-group-app","attribute":["arn"]},{"resource":"aws_security_group.alb-security-group-web","attribute":["id"]},{"resource":"aws_lb.alb-web","attribute":["arn"]},{"resource":"aws_lb.alb-web","attribute":["dns_name"]}],"timestamp":"2024-03-09T11:26:14Z","errored":false}
