{
  "version": 4,
  "terraform_version": "1.7.3",
  "serial": 1331,
  "lineage": "fcab1aab-6550-0f58-7dc9-8f6ab0742181",
  "outputs": {
    "web-server-dns": {
      "value": "stack-3tier-alb-web-1138654140.eu-central-1.elb.amazonaws.com",
      "type": "string"
    }
  },
  "resources": [
    {
      "mode": "data",
      "type": "aws_ami",
      "name": "amazon_linux_2",
      "provider": "provider[\"registry.terraform.io/hashicorp/aws\"]",
      "instances": [
        {
          "schema_version": 0,
          "attributes": {
            "architecture": "x86_64",
            "arn": "arn:aws:ec2:eu-central-1::image/ami-01fdfa46fa4fdc986",
            "block_device_mappings": [
              {
                "device_name": "/dev/xvda",
                "ebs": {
                  "delete_on_termination": "true",
                  "encrypted": "false",
                  "iops": "0",
                  "snapshot_id": "snap-05d8ea98406fc209e",
                  "throughput": "0",
                  "volume_size": "8",
                  "volume_type": "gp2"
                },
                "no_device": "",
                "virtual_name": ""
              }
            ],
            "boot_mode": "",
            "creation_date": "2024-03-20T02:47:18.000Z",
            "deprecation_time": "2025-07-01T00:00:00.000Z",
            "description": "Amazon Linux 2 AMI 2.0.20240318.0 x86_64 HVM gp2",
            "ena_support": true,
            "executable_users": null,
            "filter": [
              {
                "name": "name",
                "values": [
                  "amzn2-ami-hvm*"
                ]
              },
              {
                "name": "owner-alias",
                "values": [
                  "amazon"
                ]
              }
            ],
            "hypervisor": "xen",
            "id": "ami-01fdfa46fa4fdc986",
            "image_id": "ami-01fdfa46fa4fdc986",
            "image_location": "amazon/amzn2-ami-hvm-2.0.20240318.0-x86_64-gp2",
            "image_owner_alias": "amazon",
            "image_type": "machine",
            "imds_support": "",
            "include_deprecated": false,
            "kernel_id": "",
            "most_recent": true,
            "name": "amzn2-ami-hvm-2.0.20240318.0-x86_64-gp2",
            "name_regex": null,
            "owner_id": "137112412989",
            "owners": [
              "amazon"
            ],
            "platform": "",
            "platform_details": "Linux/UNIX",
            "product_codes": [],
            "public": true,
            "ramdisk_id": "",
            "root_device_name": "/dev/xvda",
            "root_device_type": "ebs",
            "root_snapshot_id": "snap-05d8ea98406fc209e",
            "sriov_net_support": "simple",
            "state": "available",
            "state_reason": {
              "code": "UNSET",
              "message": "UNSET"
            },
            "tags": {},
            "timeouts": null,
            "tpm_support": "",
            "usage_operation": "RunInstances",
            "virtualization_type": "hvm"
          },
          "sensitive_attributes": []
        }
      ]
    },
    {
      "mode": "data",
      "type": "aws_caller_identity",
      "name": "current",
      "provider": "provider[\"registry.terraform.io/hashicorp/aws\"]",
      "instances": [
        {
          "schema_version": 0,
          "attributes": {
            "account_id": "381492187662",
            "arn": "arn:aws:iam::381492187662:user/grumartin_iam_user",
            "id": "381492187662",
            "user_id": "AIDAVRUVU2IHLI5W7LYDU"
          },
          "sensitive_attributes": []
        }
      ]
    },
    {
      "mode": "data",
      "type": "aws_ecr_authorization_token",
      "name": "token",
      "provider": "provider[\"registry.terraform.io/hashicorp/aws\"]",
      "instances": [
        {
          "schema_version": 0,
          "attributes": {
            "authorization_token": "QVdTOmV5SndZWGxzYjJGa0lqb2lOR3hEYkVNM2FYbHJhRkJRTmtreGQyWnBOR3AxU1VocFRsUXdUMVZFU2xCV0t6aEtiMVpMSzNKWGVIUllWVUpuU0ZsQlkxZDFRM1ZZTXpGc1NGbG1VSGxVVVRCNFdpdHBiREY0UTJNMVpEWTBhMHRhVEVkUk1ISmpSemRUTUVjM05WUlNia05xWTBJck0wNU1NMVYwUkZwSUswdzVlazQ0VFZCTFRsWk1RV1JyUVhScllsaFVVWFowY1ZWNWFIZ3lTMkpNVTI4MGFUaGlNbTQyTWtkcWVYWnVNbTlTYW1WVE0yTlJWRGxJWWs5Q1ZIaDVjRlpqWTJwd1lUY3ZiRXBKUWs1a01GVnFiQ3RVVUhsTVZuUm9la2w2TUcxMWFHTk5TWE40TlVReVNuVkNXRzlUYVd0RlpERllkbkk1VEVwdmNUWXdla2RLV0RZMVdXdHlaMmxCUkhWNGNFdFZMMWhsTkd0dmNWTnFaVTFZYjNaWk1tWTBSakpsUTI1bFRXNTZRMEZwY1c5R1lWVnJiRlpDVmxKQ01XeG9VelpaUkd0MWEwSnRTMlE1TTBZeE9WQXpXakp0TjJKdFVWbzFOVFIxWVV0V1ZYaHZkVzB4ZWs4NVJsTnJWMDlWVmtwU1ZFeFlSVFZKYWpWQ1JHMTRiV3MxVjJ4NFkwRlJOR05RTmxaVGNEaGpVbEJyY1haSlFsZ3ZjR2RNZFRkRmVWUkhOelJSYm1vdmVWWnBkRXN6V1c1dmVrSTBOR1p1Tm1sbFpYcGFPVE5KZG5oUE1VOUxNRkZNTVdoSU5XaGtTV3BuTTJ0dVZqUnRRMmRqV0cxcGIxRlJWeTlVT0dOeldVWkhkVk51ZVc5TllUbFBjRGgxZFhGclFWRndlREJKV0haUEsyaEhZeTlSV214UVNYQlRURVJFUkZoNVZXNWpTR1l4TDFCUFEwSlRiMlZMTmpWQ1ZHTXpTME5IYlhKUkwwVk1hbFE0UzJGSlRtdDJRelJ0VEVKamFFZEJNa1pKUzA5MmRHWXljMmh6ZFdkdU1XbG9ORmt3YWt0dFVsZEJPVWxVVUdSc1ZrOXRZV1YxVXpNeFJXRkxXR0kyT0VSbk5HcFlVREp0VnpCRU5VbG9WRXRCWkVjMVVFWkdkVlJTYTNOUGJucFRVaXRSTDJobWJ6RXpVa2RYWTBkd2JubFJhbXhEVFdKbWFIaEJhamxFZFVzdk5EWm9SVTVrTTNZd2FpOHdlazF6ZUc5c1YzZDJNamxyUkc4NFRuZFVhVnBpVnl0SU5tOTBTMmN4T0VaNWNIZDBVekpyVUd4c05WUlphVGhWVTFZd1lWbzBTRWxIWjNObmRXeEpVSEZOVDFSbGVWWm1WVWhXZGt0eGF6Tk9kVzVtT0ZGeVRsUlJWU3R4UW1sVVdHVkZLMlU0U0RsWGMydDRZbkZxUjNWYVUwWkZSekJsU1ZGd1NVSk9kMVZvYW14dFUweGhSMjF0Y2podk9EUkljRGxPUWtjeE1rNDFVemhRU0hReFZraEdOVzVvUVZwMVRtOUpaWEZLYmxVd01tMDJSVWhhTkc1VlVGbFFha2h4ZEdSMU1WWklhMjB6VFdOUWFuUjFVRU5JWkVGM05VMHdUemxsU0VVelVUVk5UWG9yY0Vzd2RGTk9jakI1VXpSNE9Ib3ZSRUlyUzBVM1QxUmplbEpyVW1sM2FrTTBUaXRMUTJsbFdqWTJXbXhXWTJZMlltbEJhakJpYjAxV1RTdEZSSFI1Um01Skt6Vk1NMU5NWm5RM2NVWTBZMnhET1VJMGExcEdjM0ZEVkUxYU5sWndWbkFyTnpWT1IwMTNXa2h5VlVKaWEwTXZkVVJJZUZOR2JVTmlLMlo2SzIxMFJFZ2lMQ0prWVhSaGEyVjVJam9pUVZGRlFrRklhRE42V1U5a2RIQkNRbE5XZHk5Wk1tRnVPRUpZU1VRMGEzZE1VV1p1YjFScU5YcDNXblJIU2xwdldsRkJRVUZJTkhkbVFWbEtTMjlhU1doMlkwNUJVV05IYjBjNGQySlJTVUpCUkVKdlFtZHJjV2hyYVVjNWR6QkNRbmRGZDBobldVcFpTVnBKUVZkVlJFSkJSWFZOUWtWRlJFZzFjMjFHUVM5aE5UUkVaME5ETm5OUlNVSkZTVUUzTWs5YWVYRkRNVWRLV2twYWIyWXljQzlyUmtGalIweHFlRmQyV0hVemVuazBia05oUm1KemMwZFpRams0T0c0MFFVeDNXa1Z4VmpselFtTktNRzFxYzNsS1EyRnROME41VFdjMlFtWllaejBpTENKMlpYSnphVzl1SWpvaU1pSXNJblI1Y0dVaU9pSkVRVlJCWDB0RldTSXNJbVY0Y0dseVlYUnBiMjRpT2pFM01USXhNamN6TnpSOQ==",
            "expires_at": "2024-04-03T06:56:14Z",
            "id": "eu-central-1",
            "password": "eyJwYXlsb2FkIjoiNGxDbEM3aXlraFBQNkkxd2ZpNGp1SUhpTlQwT1VESlBWKzhKb1ZLK3JXeHRYVUJnSFlBY1d1Q3VYMzFsSFlmUHlUUTB4WitpbDF4Q2M1ZDY0a0taTEdRMHJjRzdTMEc3NVRSbkNqY0IrM05MM1V0RFpIK0w5ek44TVBLTlZMQWRrQXRrYlhUUXZ0cVV5aHgyS2JMU280aThiMm42MkdqeXZuMm9SamVTM2NRVDlIYk9CVHh5cFZjY2pwYTcvbEpJQk5kMFVqbCtUUHlMVnRoekl6MG11aGNNSXN4NUQySnVCWG9TaWtFZDFYdnI5TEpvcTYwekdKWDY1WWtyZ2lBRHV4cEtVL1hlNGtvcVNqZU1Yb3ZZMmY0RjJlQ25lTW56Q0FpcW9GYVVrbFZCVlJCMWxoUzZZRGt1a0JtS2Q5M0YxOVAzWjJtN2JtUVo1NTR1YUtWVXhvdW0xek85RlNrV09VVkpSVExYRTVJajVCRG14bWs1V2x4Y0FRNGNQNlZTcDhjUlBrcXZJQlgvcGdMdTdFeVRHNzRRbmoveVZpdEszWW5vekI0NGZuNmllZXpaOTNJdnhPMU9LMFFMMWhINWhkSWpnM2tuVjRtQ2djWG1pb1FRVy9UOGNzWUZHdVNueW9NYTlPcDh1dXFrQVFweDBJWHZPK2hHYy9RWmxQSXBTTERERFh5VW5jSGYxL1BPQ0JTb2VLNjVCVGMzS0NHbXJRL0VMalQ4S2FJTmt2QzRtTEJjaEdBMkZJS092dGYyc2hzdWduMWloNFkwakttUldBOUlUUGRsVk9tYWV1UzMxRWFLWGI2OERnNGpYUDJtVzBENUloVEtBZEc1UEZGdVRSa3NPbnpTUitRL2hmbzEzUkdXY0dwbnlRamxDTWJmaHhBajlEdUsvNDZoRU5kM3Ywai8wek1zeG9sV3d2MjlrRG84TndUaVpiVytINm90S2cxOEZ5cHd0UzJrUGxsNVRZaThVU1YwYVo0SElHZ3NndWxJUHFNT1RleVZmVUhWdktxazNOdW5mOFFyTlRRVStxQmlUWGVFK2U4SDlXc2t4YnFqR3VaU0ZFRzBlSVFwSUJOd1VoamxtU0xhR21tcjhvODRIcDlOQkcxMk41UzhQSHQxVkhGNW5oQVp1Tm9JZXFKblUwMm02RUhaNG5VUFlQakhxdGR1MVZIa20zTWNQanR1UENIZEF3NU0wTzllSEUzUTVNTXorcEswdFNOcjB5UzR4OHovREIrS0U3T1RjelJrUml3akM0TitLQ2llWjY2WmxWY2Y2YmlBajBib01WTStFRHR5Rm5JKzVMM1NMZnQ3cUY0Y2xDOUI0a1pGc3FDVE1aNlZwVnArNzVOR013WkhyVUJia0MvdURIeFNGbUNiK2Z6K210REgiLCJkYXRha2V5IjoiQVFFQkFIaDN6WU9kdHBCQlNWdy9ZMmFuOEJYSUQ0a3dMUWZub1RqNXp3WnRHSlpvWlFBQUFINHdmQVlKS29aSWh2Y05BUWNHb0c4d2JRSUJBREJvQmdrcWhraUc5dzBCQndFd0hnWUpZSVpJQVdVREJBRXVNQkVFREg1c21GQS9hNTREZ0NDNnNRSUJFSUE3Mk9aeXFDMUdKWkpab2YycC9rRkFjR0xqeFd2WHUzenk0bkNhRmJzc0dZQjk4OG40QUx3WkVxVjlzQmNKMG1qc3lKQ2FtN0N5TWc2QmZYZz0iLCJ2ZXJzaW9uIjoiMiIsInR5cGUiOiJEQVRBX0tFWSIsImV4cGlyYXRpb24iOjE3MTIxMjczNzR9",
            "proxy_endpoint": "https://381492187662.dkr.ecr.eu-central-1.amazonaws.com",
            "registry_id": null,
            "user_name": "AWS"
          },
          "sensitive_attributes": []
        }
      ]
    },
    {
      "mode": "managed",
      "type": "aws_autoscaling_attachment",
      "name": "asg_app_tier",
      "provider": "provider[\"registry.terraform.io/hashicorp/aws\"]",
      "instances": [
        {
          "schema_version": 0,
          "attributes": {
            "alb_target_group_arn": null,
            "autoscaling_group_name": "stack-3tier-asg-app",
            "elb": null,
            "id": "stack-3tier-asg-app-20240402190307334800000006",
            "lb_target_group_arn": "arn:aws:elasticloadbalancing:eu-central-1:381492187662:targetgroup/stack-3tier-tg-app/886eac699d0f03da"
          },
          "sensitive_attributes": [],
          "private": "bnVsbA==",
          "dependencies": [
            "aws_autoscaling_group.asg-app-tier",
            "aws_db_instance.db",
            "aws_db_parameter_group.db-parameter-group",
            "aws_db_subnet_group.db-tier-sn-group",
            "aws_ecr_repository.backend",
            "aws_eip.eip",
            "aws_iam_instance_profile.ec2_ecr_connection",
            "aws_iam_role.role",
            "aws_internet_gateway.igw",
            "aws_launch_template.template-app-tier",
            "aws_lb_target_group.alb-app-tier-tg",
            "aws_nat_gateway.nat-gw",
            "aws_security_group.alb-app-tier-sg",
            "aws_security_group.alb-web-tier-sg",
            "aws_security_group.asg-app-tier-sg",
            "aws_security_group.asg-web-tier-sg",
            "aws_security_group.db-tier-sg",
            "aws_subnet.app-tier-subnet-one",
            "aws_subnet.app-tier-subnet-two",
            "aws_subnet.db-tier-subnet-one",
            "aws_subnet.db-tier-subnet-two",
            "aws_subnet.web-tier-subnet-one",
            "aws_vpc.vpc",
            "data.aws_ami.amazon_linux_2",
            "data.aws_caller_identity.current"
          ]
        }
      ]
    },
    {
      "mode": "managed",
      "type": "aws_autoscaling_attachment",
      "name": "asg_web_tier",
      "provider": "provider[\"registry.terraform.io/hashicorp/aws\"]",
      "instances": [
        {
          "schema_version": 0,
          "attributes": {
            "alb_target_group_arn": null,
            "autoscaling_group_name": "stack-3tier-asg-web",
            "elb": null,
            "id": "stack-3tier-asg-web-20240402185956239400000004",
            "lb_target_group_arn": "arn:aws:elasticloadbalancing:eu-central-1:381492187662:targetgroup/stack-3tier-tg-web/11fe99c56c5c50ac"
          },
          "sensitive_attributes": [],
          "private": "bnVsbA==",
          "dependencies": [
            "aws_autoscaling_group.asg-web-tier",
            "aws_ecr_repository.frontend",
            "aws_iam_instance_profile.ec2_ecr_connection",
            "aws_iam_role.role",
            "aws_launch_template.template-web-tier",
            "aws_lb.alb-app-tier",
            "aws_lb_target_group.alb-web-tier-tg",
            "aws_security_group.alb-app-tier-sg",
            "aws_security_group.alb-web-tier-sg",
            "aws_security_group.asg-web-tier-sg",
            "aws_subnet.app-tier-subnet-one",
            "aws_subnet.app-tier-subnet-two",
            "aws_subnet.web-tier-subnet-one",
            "aws_subnet.web-tier-subnet-two",
            "aws_vpc.vpc",
            "data.aws_ami.amazon_linux_2",
            "data.aws_caller_identity.current"
          ]
        }
      ]
    },
    {
      "mode": "managed",
      "type": "aws_autoscaling_group",
      "name": "asg-app-tier",
      "provider": "provider[\"registry.terraform.io/hashicorp/aws\"]",
      "instances": [
        {
          "schema_version": 0,
          "attributes": {
            "arn": "arn:aws:autoscaling:eu-central-1:381492187662:autoScalingGroup:b5de31b4-f5b4-4713-a7a2-c9b34f5abf14:autoScalingGroupName/stack-3tier-asg-app",
            "availability_zones": [
              "eu-central-1a",
              "eu-central-1b"
            ],
            "capacity_rebalance": false,
            "context": "",
            "default_cooldown": 300,
            "default_instance_warmup": 0,
            "desired_capacity": 2,
            "desired_capacity_type": "",
            "enabled_metrics": null,
            "force_delete": false,
            "force_delete_warm_pool": false,
            "health_check_grace_period": 60,
            "health_check_type": "EC2",
            "id": "stack-3tier-asg-app",
            "initial_lifecycle_hook": [],
            "instance_refresh": [],
            "launch_configuration": "",
            "launch_template": [
              {
                "id": "lt-0832b658fbf75a1fe",
                "name": "stack-3tier-launch-template-app",
                "version": "1"
              }
            ],
            "load_balancers": null,
            "max_instance_lifetime": 0,
            "max_size": 4,
            "metrics_granularity": "1Minute",
            "min_elb_capacity": null,
            "min_size": 1,
            "mixed_instances_policy": [],
            "name": "stack-3tier-asg-app",
            "name_prefix": "",
            "placement_group": "",
            "predicted_capacity": 0,
            "protect_from_scale_in": false,
            "service_linked_role_arn": "arn:aws:iam::381492187662:role/aws-service-role/autoscaling.amazonaws.com/AWSServiceRoleForAutoScaling",
            "suspended_processes": null,
            "tag": [],
            "tags": null,
            "target_group_arns": [
              "arn:aws:elasticloadbalancing:eu-central-1:381492187662:targetgroup/stack-3tier-tg-app/886eac699d0f03da"
            ],
            "termination_policies": null,
            "timeouts": null,
            "vpc_zone_identifier": [
              "subnet-08e9caeb3efa69ebf",
              "subnet-0eaff904d64422625"
            ],
            "wait_for_capacity_timeout": "10m",
            "wait_for_elb_capacity": null,
            "warm_pool": [],
            "warm_pool_size": 0
          },
          "sensitive_attributes": [],
          "private": "eyJlMmJmYjczMC1lY2FhLTExZTYtOGY4OC0zNDM2M2JjN2M0YzAiOnsiZGVsZXRlIjo2MDAwMDAwMDAwMDAsInVwZGF0ZSI6NjAwMDAwMDAwMDAwfX0=",
          "dependencies": [
            "aws_db_instance.db",
            "aws_db_parameter_group.db-parameter-group",
            "aws_db_subnet_group.db-tier-sn-group",
            "aws_ecr_repository.backend",
            "aws_eip.eip",
            "aws_iam_instance_profile.ec2_ecr_connection",
            "aws_iam_role.role",
            "aws_internet_gateway.igw",
            "aws_launch_template.template-app-tier",
            "aws_lb_target_group.alb-app-tier-tg",
            "aws_nat_gateway.nat-gw",
            "aws_security_group.alb-app-tier-sg",
            "aws_security_group.alb-web-tier-sg",
            "aws_security_group.asg-app-tier-sg",
            "aws_security_group.asg-web-tier-sg",
            "aws_security_group.db-tier-sg",
            "aws_subnet.app-tier-subnet-one",
            "aws_subnet.app-tier-subnet-two",
            "aws_subnet.db-tier-subnet-one",
            "aws_subnet.db-tier-subnet-two",
            "aws_subnet.web-tier-subnet-one",
            "aws_vpc.vpc",
            "data.aws_ami.amazon_linux_2",
            "data.aws_caller_identity.current"
          ]
        }
      ]
    },
    {
      "mode": "managed",
      "type": "aws_autoscaling_group",
      "name": "asg-web-tier",
      "provider": "provider[\"registry.terraform.io/hashicorp/aws\"]",
      "instances": [
        {
          "schema_version": 0,
          "attributes": {
            "arn": "arn:aws:autoscaling:eu-central-1:381492187662:autoScalingGroup:017a367a-3b50-431c-828f-f6fadf9da1bb:autoScalingGroupName/stack-3tier-asg-web",
            "availability_zones": [
              "eu-central-1a",
              "eu-central-1b"
            ],
            "capacity_rebalance": false,
            "context": "",
            "default_cooldown": 300,
            "default_instance_warmup": 0,
            "desired_capacity": 2,
            "desired_capacity_type": "",
            "enabled_metrics": null,
            "force_delete": false,
            "force_delete_warm_pool": false,
            "health_check_grace_period": 60,
            "health_check_type": "EC2",
            "id": "stack-3tier-asg-web",
            "initial_lifecycle_hook": [],
            "instance_refresh": [],
            "launch_configuration": "",
            "launch_template": [
              {
                "id": "lt-00dc7e6267cbd5665",
                "name": "stack-3tier-launch-template-web",
                "version": "1"
              }
            ],
            "load_balancers": null,
            "max_instance_lifetime": 0,
            "max_size": 4,
            "metrics_granularity": "1Minute",
            "min_elb_capacity": null,
            "min_size": 1,
            "mixed_instances_policy": [],
            "name": "stack-3tier-asg-web",
            "name_prefix": "",
            "placement_group": "",
            "predicted_capacity": 0,
            "protect_from_scale_in": false,
            "service_linked_role_arn": "arn:aws:iam::381492187662:role/aws-service-role/autoscaling.amazonaws.com/AWSServiceRoleForAutoScaling",
            "suspended_processes": null,
            "tag": [],
            "tags": null,
            "target_group_arns": [
              "arn:aws:elasticloadbalancing:eu-central-1:381492187662:targetgroup/stack-3tier-tg-web/11fe99c56c5c50ac"
            ],
            "termination_policies": null,
            "timeouts": null,
            "vpc_zone_identifier": [
              "subnet-0092212d2a9f5aeab",
              "subnet-01e8651201e859f08"
            ],
            "wait_for_capacity_timeout": "10m",
            "wait_for_elb_capacity": null,
            "warm_pool": [],
            "warm_pool_size": 0
          },
          "sensitive_attributes": [],
          "private": "eyJlMmJmYjczMC1lY2FhLTExZTYtOGY4OC0zNDM2M2JjN2M0YzAiOnsiZGVsZXRlIjo2MDAwMDAwMDAwMDAsInVwZGF0ZSI6NjAwMDAwMDAwMDAwfX0=",
          "dependencies": [
            "aws_ecr_repository.frontend",
            "aws_iam_instance_profile.ec2_ecr_connection",
            "aws_iam_role.role",
            "aws_launch_template.template-web-tier",
            "aws_lb.alb-app-tier",
            "aws_lb_target_group.alb-web-tier-tg",
            "aws_security_group.alb-app-tier-sg",
            "aws_security_group.alb-web-tier-sg",
            "aws_security_group.asg-web-tier-sg",
            "aws_subnet.app-tier-subnet-one",
            "aws_subnet.app-tier-subnet-two",
            "aws_subnet.web-tier-subnet-one",
            "aws_subnet.web-tier-subnet-two",
            "aws_vpc.vpc",
            "data.aws_ami.amazon_linux_2",
            "data.aws_caller_identity.current"
          ]
        }
      ]
    },
    {
      "mode": "managed",
      "type": "aws_db_instance",
      "name": "db",
      "provider": "provider[\"registry.terraform.io/hashicorp/aws\"]",
      "instances": [
        {
          "schema_version": 1,
          "attributes": {
            "address": "terraform-20240402185642076500000002.cvca42q6ye1t.eu-central-1.rds.amazonaws.com",
            "allocated_storage": 20,
            "allow_major_version_upgrade": null,
            "apply_immediately": true,
            "arn": "arn:aws:rds:eu-central-1:381492187662:db:terraform-20240402185642076500000002",
            "auto_minor_version_upgrade": true,
            "availability_zone": "eu-central-1a",
            "backup_retention_period": 0,
            "backup_window": "23:26-23:56",
            "blue_green_update": [],
            "ca_cert_identifier": "rds-ca-rsa2048-g1",
            "character_set_name": "",
            "copy_tags_to_snapshot": false,
            "custom_iam_instance_profile": "",
            "customer_owned_ip_enabled": false,
            "db_name": "postgres_instance",
            "db_subnet_group_name": "stack-3tier-db-sn-grp",
            "delete_automated_backups": true,
            "deletion_protection": false,
            "domain": "",
            "domain_iam_role_name": "",
            "enabled_cloudwatch_logs_exports": null,
            "endpoint": "terraform-20240402185642076500000002.cvca42q6ye1t.eu-central-1.rds.amazonaws.com:5432",
            "engine": "postgres",
            "engine_version": "16.2",
            "engine_version_actual": "16.2",
            "final_snapshot_identifier": null,
            "hosted_zone_id": "Z1RLNUO7B9Q6NB",
            "iam_database_authentication_enabled": false,
            "id": "terraform-20240402185642076500000002",
            "identifier": "terraform-20240402185642076500000002",
            "identifier_prefix": "terraform-",
            "instance_class": "db.t3.micro",
            "iops": 0,
            "kms_key_id": "",
            "latest_restorable_time": "",
            "license_model": "postgresql-license",
            "listener_endpoint": [],
            "maintenance_window": "sun:02:53-sun:03:23",
            "manage_master_user_password": null,
            "master_user_secret": [],
            "master_user_secret_kms_key_id": null,
            "max_allocated_storage": 0,
            "monitoring_interval": 0,
            "monitoring_role_arn": "",
            "multi_az": false,
            "name": "postgres_instance",
            "nchar_character_set_name": "",
            "network_type": "IPV4",
            "option_group_name": "default:postgres-16",
            "parameter_group_name": "db-pg-postgres",
            "password": "mgruber12345",
            "performance_insights_enabled": false,
            "performance_insights_kms_key_id": "",
            "performance_insights_retention_period": 0,
            "port": 5432,
            "publicly_accessible": false,
            "replica_mode": "",
            "replicas": [],
            "replicate_source_db": "",
            "resource_id": "db-HKBOUYO7M7DXUAKA6B5PEF7CAA",
            "restore_to_point_in_time": [],
            "s3_import": [],
            "security_group_names": null,
            "skip_final_snapshot": true,
            "snapshot_identifier": null,
            "status": "available",
            "storage_encrypted": false,
            "storage_throughput": 0,
            "storage_type": "gp2",
            "tags": null,
            "tags_all": {},
            "timeouts": null,
            "timezone": "",
            "username": "mgruber",
            "vpc_security_group_ids": [
              "sg-0a2c8c8bdf19c3c8f"
            ]
          },
          "sensitive_attributes": [],
          "private": "eyJlMmJmYjczMC1lY2FhLTExZTYtOGY4OC0zNDM2M2JjN2M0YzAiOnsiY3JlYXRlIjoyNDAwMDAwMDAwMDAwLCJkZWxldGUiOjM2MDAwMDAwMDAwMDAsInVwZGF0ZSI6NDgwMDAwMDAwMDAwMH0sInNjaGVtYV92ZXJzaW9uIjoiMSJ9",
          "dependencies": [
            "aws_db_parameter_group.db-parameter-group",
            "aws_db_subnet_group.db-tier-sn-group",
            "aws_security_group.alb-app-tier-sg",
            "aws_security_group.alb-web-tier-sg",
            "aws_security_group.asg-app-tier-sg",
            "aws_security_group.asg-web-tier-sg",
            "aws_security_group.db-tier-sg",
            "aws_subnet.db-tier-subnet-one",
            "aws_subnet.db-tier-subnet-two",
            "aws_vpc.vpc"
          ]
        }
      ]
    },
    {
      "mode": "managed",
      "type": "aws_db_parameter_group",
      "name": "db-parameter-group",
      "provider": "provider[\"registry.terraform.io/hashicorp/aws\"]",
      "instances": [
        {
          "schema_version": 0,
          "attributes": {
            "arn": "arn:aws:rds:eu-central-1:381492187662:pg:db-pg-postgres",
            "description": "Managed by Terraform",
            "family": "postgres16",
            "id": "db-pg-postgres",
            "name": "db-pg-postgres",
            "name_prefix": null,
            "parameter": [
              {
                "apply_method": "immediate",
                "name": "rds.force_ssl",
                "value": "0"
              }
            ],
            "tags": null,
            "tags_all": {}
          },
          "sensitive_attributes": [],
          "private": "bnVsbA==",
          "create_before_destroy": true
        }
      ]
    },
    {
      "mode": "managed",
      "type": "aws_db_subnet_group",
      "name": "db-tier-sn-group",
      "provider": "provider[\"registry.terraform.io/hashicorp/aws\"]",
      "instances": [
        {
          "schema_version": 0,
          "attributes": {
            "arn": "arn:aws:rds:eu-central-1:381492187662:subgrp:stack-3tier-db-sn-grp",
            "description": "Managed by Terraform",
            "id": "stack-3tier-db-sn-grp",
            "name": "stack-3tier-db-sn-grp",
            "name_prefix": "",
            "subnet_ids": [
              "subnet-0aa10a7b932beb448",
              "subnet-0acb282e73bee6615"
            ],
            "supported_network_types": [
              "IPV4"
            ],
            "tags": {
              "Name": "stack-3tier-db-sn-grp"
            },
            "tags_all": {
              "Name": "stack-3tier-db-sn-grp"
            },
            "vpc_id": "vpc-09f2639068eea4a81"
          },
          "sensitive_attributes": [],
          "private": "bnVsbA==",
          "dependencies": [
            "aws_subnet.db-tier-subnet-one",
            "aws_subnet.db-tier-subnet-two",
            "aws_vpc.vpc"
          ]
        }
      ]
    },
    {
      "mode": "managed",
      "type": "aws_ecr_repository",
      "name": "backend",
      "provider": "provider[\"registry.terraform.io/hashicorp/aws\"]",
      "instances": [
        {
          "schema_version": 0,
          "attributes": {
            "arn": "arn:aws:ecr:eu-central-1:381492187662:repository/stack-3tier-ecr-repo-backend",
            "encryption_configuration": [
              {
                "encryption_type": "AES256",
                "kms_key": ""
              }
            ],
            "force_delete": null,
            "id": "stack-3tier-ecr-repo-backend",
            "image_scanning_configuration": [
              {
                "scan_on_push": false
              }
            ],
            "image_tag_mutability": "MUTABLE",
            "name": "stack-3tier-ecr-repo-backend",
            "registry_id": "381492187662",
            "repository_url": "381492187662.dkr.ecr.eu-central-1.amazonaws.com/stack-3tier-ecr-repo-backend",
            "tags": null,
            "tags_all": {},
            "timeouts": null
          },
          "sensitive_attributes": [],
          "private": "eyJlMmJmYjczMC1lY2FhLTExZTYtOGY4OC0zNDM2M2JjN2M0YzAiOnsiZGVsZXRlIjoxMjAwMDAwMDAwMDAwfX0="
        }
      ]
    },
    {
      "mode": "managed",
      "type": "aws_ecr_repository",
      "name": "frontend",
      "provider": "provider[\"registry.terraform.io/hashicorp/aws\"]",
      "instances": [
        {
          "schema_version": 0,
          "attributes": {
            "arn": "arn:aws:ecr:eu-central-1:381492187662:repository/stack-3tier-ecr-repo-frontend",
            "encryption_configuration": [
              {
                "encryption_type": "AES256",
                "kms_key": ""
              }
            ],
            "force_delete": null,
            "id": "stack-3tier-ecr-repo-frontend",
            "image_scanning_configuration": [
              {
                "scan_on_push": false
              }
            ],
            "image_tag_mutability": "MUTABLE",
            "name": "stack-3tier-ecr-repo-frontend",
            "registry_id": "381492187662",
            "repository_url": "381492187662.dkr.ecr.eu-central-1.amazonaws.com/stack-3tier-ecr-repo-frontend",
            "tags": null,
            "tags_all": {},
            "timeouts": null
          },
          "sensitive_attributes": [],
          "private": "eyJlMmJmYjczMC1lY2FhLTExZTYtOGY4OC0zNDM2M2JjN2M0YzAiOnsiZGVsZXRlIjoxMjAwMDAwMDAwMDAwfX0="
        }
      ]
    },
    {
      "mode": "managed",
      "type": "aws_eip",
      "name": "eip",
      "provider": "provider[\"registry.terraform.io/hashicorp/aws\"]",
      "instances": [
        {
          "schema_version": 0,
          "attributes": {
            "address": null,
            "allocation_id": "eipalloc-094afefcd3af585d6",
            "associate_with_private_ip": null,
            "association_id": "",
            "carrier_ip": "",
            "customer_owned_ip": "",
            "customer_owned_ipv4_pool": "",
            "domain": "vpc",
            "id": "eipalloc-094afefcd3af585d6",
            "instance": "",
            "network_border_group": "eu-central-1",
            "network_interface": "",
            "private_dns": null,
            "private_ip": "",
            "public_dns": "ec2-3-65-184-207.eu-central-1.compute.amazonaws.com",
            "public_ip": "3.65.184.207",
            "public_ipv4_pool": "amazon",
            "tags": null,
            "tags_all": {},
            "timeouts": null,
            "vpc": true
          },
          "sensitive_attributes": [],
          "private": "eyJlMmJmYjczMC1lY2FhLTExZTYtOGY4OC0zNDM2M2JjN2M0YzAiOnsiZGVsZXRlIjoxODAwMDAwMDAwMDAsInJlYWQiOjkwMDAwMDAwMDAwMCwidXBkYXRlIjozMDAwMDAwMDAwMDB9fQ==",
          "dependencies": [
            "aws_internet_gateway.igw",
            "aws_vpc.vpc"
          ]
        }
      ]
    },
    {
      "mode": "managed",
      "type": "aws_iam_instance_profile",
      "name": "ec2_ecr_connection",
      "provider": "provider[\"registry.terraform.io/hashicorp/aws\"]",
      "instances": [
        {
          "schema_version": 0,
          "attributes": {
            "arn": "arn:aws:iam::381492187662:instance-profile/ec2_ecr_connection",
            "create_date": "2024-04-02T18:56:26Z",
            "id": "ec2_ecr_connection",
            "name": "ec2_ecr_connection",
            "name_prefix": "",
            "path": "/",
            "role": "allow_ec2_access_ecr",
            "tags": null,
            "tags_all": {},
            "unique_id": "AIPAVRUVU2IHI2SOL2WKH"
          },
          "sensitive_attributes": [],
          "private": "bnVsbA==",
          "dependencies": [
            "aws_iam_role.role"
          ]
        }
      ]
    },
    {
      "mode": "managed",
      "type": "aws_iam_role",
      "name": "role",
      "provider": "provider[\"registry.terraform.io/hashicorp/aws\"]",
      "instances": [
        {
          "schema_version": 0,
          "attributes": {
            "arn": "arn:aws:iam::381492187662:role/allow_ec2_access_ecr",
            "assume_role_policy": "{\"Statement\":[{\"Action\":\"sts:AssumeRole\",\"Effect\":\"Allow\",\"Principal\":{\"Service\":\"ec2.amazonaws.com\"},\"Sid\":\"\"}],\"Version\":\"2012-10-17\"}",
            "create_date": "2024-04-02T18:56:26Z",
            "description": "",
            "force_detach_policies": false,
            "id": "allow_ec2_access_ecr",
            "inline_policy": [],
            "managed_policy_arns": [],
            "max_session_duration": 3600,
            "name": "allow_ec2_access_ecr",
            "name_prefix": "",
            "path": "/",
            "permissions_boundary": null,
            "role_last_used": [
              {
                "last_used_date": "",
                "region": ""
              }
            ],
            "tags": null,
            "tags_all": {},
            "unique_id": "AROAVRUVU2IHCG6PQLQD2"
          },
          "sensitive_attributes": [],
          "private": "bnVsbA=="
        }
      ]
    },
    {
      "mode": "managed",
      "type": "aws_iam_role_policy",
      "name": "access_ecr_policy",
      "provider": "provider[\"registry.terraform.io/hashicorp/aws\"]",
      "instances": [
        {
          "schema_version": 0,
          "attributes": {
            "id": "allow_ec2_access_ecr:allow_ec2_access_ecr",
            "name": "allow_ec2_access_ecr",
            "name_prefix": null,
            "policy": "{\"Version\":\"2012-10-17\",\"Statement\":[{\"Action\":[\"ecr:*\"],\"Effect\":\"Allow\",\"Resource\":\"*\"}]}",
            "role": "allow_ec2_access_ecr"
          },
          "sensitive_attributes": [],
          "private": "bnVsbA==",
          "dependencies": [
            "aws_iam_role.role"
          ]
        }
      ]
    },
    {
      "mode": "managed",
      "type": "aws_internet_gateway",
      "name": "igw",
      "provider": "provider[\"registry.terraform.io/hashicorp/aws\"]",
      "instances": [
        {
          "schema_version": 0,
          "attributes": {
            "arn": "arn:aws:ec2:eu-central-1:381492187662:internet-gateway/igw-08af3352cfd076c6c",
            "id": "igw-08af3352cfd076c6c",
            "owner_id": "381492187662",
            "tags": {
              "Name": "stack-3tier-igw"
            },
            "tags_all": {
              "Name": "stack-3tier-igw"
            },
            "timeouts": null,
            "vpc_id": "vpc-09f2639068eea4a81"
          },
          "sensitive_attributes": [],
          "private": "eyJlMmJmYjczMC1lY2FhLTExZTYtOGY4OC0zNDM2M2JjN2M0YzAiOnsiY3JlYXRlIjoxMjAwMDAwMDAwMDAwLCJkZWxldGUiOjEyMDAwMDAwMDAwMDAsInVwZGF0ZSI6MTIwMDAwMDAwMDAwMH19",
          "dependencies": [
            "aws_vpc.vpc"
          ]
        }
      ]
    },
    {
      "mode": "managed",
      "type": "aws_launch_template",
      "name": "template-app-tier",
      "provider": "provider[\"registry.terraform.io/hashicorp/aws\"]",
      "instances": [
        {
          "schema_version": 0,
          "attributes": {
            "arn": "arn:aws:ec2:eu-central-1:381492187662:launch-template/lt-0832b658fbf75a1fe",
            "block_device_mappings": [
              {
                "device_name": "/dev/xvda",
                "ebs": [
                  {
                    "delete_on_termination": "",
                    "encrypted": "",
                    "iops": 0,
                    "kms_key_id": "",
                    "snapshot_id": "",
                    "throughput": 0,
                    "volume_size": 8,
                    "volume_type": ""
                  }
                ],
                "no_device": "",
                "virtual_name": ""
              }
            ],
            "capacity_reservation_specification": [],
            "cpu_options": [],
            "credit_specification": [],
            "default_version": 1,
            "description": "",
            "disable_api_stop": false,
            "disable_api_termination": false,
            "ebs_optimized": "",
            "elastic_gpu_specifications": [],
            "elastic_inference_accelerator": [],
            "enclave_options": [],
            "hibernation_options": [],
            "iam_instance_profile": [
              {
                "arn": "",
                "name": "ec2_ecr_connection"
              }
            ],
            "id": "lt-0832b658fbf75a1fe",
            "image_id": "ami-01fdfa46fa4fdc986",
            "instance_initiated_shutdown_behavior": "",
            "instance_market_options": [],
            "instance_requirements": [],
            "instance_type": "t2.micro",
            "kernel_id": "",
            "key_name": "",
            "latest_version": 1,
            "license_specification": [],
            "maintenance_options": [],
            "metadata_options": [],
            "monitoring": [],
            "name": "stack-3tier-launch-template-app",
            "name_prefix": "",
            "network_interfaces": [
              {
                "associate_carrier_ip_address": "",
                "associate_public_ip_address": "false",
                "delete_on_termination": "",
                "description": "",
                "device_index": 0,
                "interface_type": "",
                "ipv4_address_count": 0,
                "ipv4_addresses": null,
                "ipv4_prefix_count": 0,
                "ipv4_prefixes": null,
                "ipv6_address_count": 0,
                "ipv6_addresses": null,
                "ipv6_prefix_count": 0,
                "ipv6_prefixes": null,
                "network_card_index": 0,
                "network_interface_id": "",
                "private_ip_address": "",
                "security_groups": [
                  "sg-0f693104d645f9cdf"
                ],
                "subnet_id": ""
              }
            ],
            "placement": [],
            "private_dns_name_options": [],
            "ram_disk_id": "",
            "security_group_names": null,
            "tag_specifications": [
              {
                "resource_type": "instance",
                "tags": {
                  "Name": "stack-3tier-app-instances"
                }
              }
            ],
            "tags": null,
            "tags_all": {},
            "update_default_version": null,
            "user_data": "IyEvYmluL2Jhc2gKc3VkbyB5dW0gdXBkYXRlIC15CnN1ZG8geXVtIGluc3RhbGwgZG9ja2VyIC15CnN1ZG8gc2VydmljZSBkb2NrZXIgc3RhcnQKc3VkbyBzeXN0ZW1jdGwgZW5hYmxlIGRvY2tlcgpzdWRvIHVzZXJtb2QgLWEgLUcgZG9ja2VyIGVjMi11c2VyCmF3cyBlY3IgZ2V0LWxvZ2luLXBhc3N3b3JkIC0tcmVnaW9uIGV1LWNlbnRyYWwtMSAgfCBkb2NrZXIgbG9naW4gLS11c2VybmFtZSBBV1MgLS1wYXNzd29yZC1zdGRpbiAzODE0OTIxODc2NjIuZGtyLmVjci5ldS1jZW50cmFsLTEuYW1hem9uYXdzLmNvbQpkb2NrZXIgcnVuIC0tcmVzdGFydCBhbHdheXMgLWUgREJfSE9TVE5BTUU9dGVycmFmb3JtLTIwMjQwNDAyMTg1NjQyMDc2NTAwMDAwMDAyLmN2Y2E0MnE2eWUxdC5ldS1jZW50cmFsLTEucmRzLmFtYXpvbmF3cy5jb20gLWUgREJfVVNFUk5BTUU9bWdydWJlciAtZSBEQl9QQVNTV09SRD1tZ3J1YmVyMTIzNDUgLWUgREJfUE9SVD01NDMyIC1lIERCX05BTUU9cG9zdGdyZXNfaW5zdGFuY2UgLXAgMzAwMDozMDAwIC1kIDM4MTQ5MjE4NzY2Mi5ka3IuZWNyLmV1LWNlbnRyYWwtMS5hbWF6b25hd3MuY29tL3N0YWNrLTN0aWVyLWVjci1yZXBvLWJhY2tlbmQ6bGF0ZXN0Cg==",
            "vpc_security_group_ids": null
          },
          "sensitive_attributes": [
            [
              {
                "type": "get_attr",
                "value": "user_data"
              }
            ]
          ],
          "private": "bnVsbA==",
          "dependencies": [
            "aws_db_instance.db",
            "aws_db_parameter_group.db-parameter-group",
            "aws_db_subnet_group.db-tier-sn-group",
            "aws_ecr_repository.backend",
            "aws_eip.eip",
            "aws_iam_instance_profile.ec2_ecr_connection",
            "aws_iam_role.role",
            "aws_internet_gateway.igw",
            "aws_nat_gateway.nat-gw",
            "aws_security_group.alb-app-tier-sg",
            "aws_security_group.alb-web-tier-sg",
            "aws_security_group.asg-app-tier-sg",
            "aws_security_group.asg-web-tier-sg",
            "aws_security_group.db-tier-sg",
            "aws_subnet.db-tier-subnet-one",
            "aws_subnet.db-tier-subnet-two",
            "aws_subnet.web-tier-subnet-one",
            "aws_vpc.vpc",
            "data.aws_ami.amazon_linux_2",
            "data.aws_caller_identity.current"
          ]
        }
      ]
    },
    {
      "mode": "managed",
      "type": "aws_launch_template",
      "name": "template-web-tier",
      "provider": "provider[\"registry.terraform.io/hashicorp/aws\"]",
      "instances": [
        {
          "schema_version": 0,
          "attributes": {
            "arn": "arn:aws:ec2:eu-central-1:381492187662:launch-template/lt-00dc7e6267cbd5665",
            "block_device_mappings": [
              {
                "device_name": "/dev/xvda",
                "ebs": [
                  {
                    "delete_on_termination": "",
                    "encrypted": "",
                    "iops": 0,
                    "kms_key_id": "",
                    "snapshot_id": "",
                    "throughput": 0,
                    "volume_size": 8,
                    "volume_type": ""
                  }
                ],
                "no_device": "",
                "virtual_name": ""
              }
            ],
            "capacity_reservation_specification": [],
            "cpu_options": [],
            "credit_specification": [],
            "default_version": 1,
            "description": "",
            "disable_api_stop": false,
            "disable_api_termination": false,
            "ebs_optimized": "",
            "elastic_gpu_specifications": [],
            "elastic_inference_accelerator": [],
            "enclave_options": [],
            "hibernation_options": [],
            "iam_instance_profile": [
              {
                "arn": "",
                "name": "ec2_ecr_connection"
              }
            ],
            "id": "lt-00dc7e6267cbd5665",
            "image_id": "ami-01fdfa46fa4fdc986",
            "instance_initiated_shutdown_behavior": "",
            "instance_market_options": [],
            "instance_requirements": [],
            "instance_type": "t2.micro",
            "kernel_id": "",
            "key_name": "",
            "latest_version": 1,
            "license_specification": [],
            "maintenance_options": [],
            "metadata_options": [],
            "monitoring": [],
            "name": "stack-3tier-launch-template-web",
            "name_prefix": "",
            "network_interfaces": [
              {
                "associate_carrier_ip_address": "",
                "associate_public_ip_address": "true",
                "delete_on_termination": "",
                "description": "",
                "device_index": 0,
                "interface_type": "",
                "ipv4_address_count": 0,
                "ipv4_addresses": null,
                "ipv4_prefix_count": 0,
                "ipv4_prefixes": null,
                "ipv6_address_count": 0,
                "ipv6_addresses": null,
                "ipv6_prefix_count": 0,
                "ipv6_prefixes": null,
                "network_card_index": 0,
                "network_interface_id": "",
                "private_ip_address": "",
                "security_groups": [
                  "sg-0596742eb6dab82c9"
                ],
                "subnet_id": ""
              }
            ],
            "placement": [],
            "private_dns_name_options": [],
            "ram_disk_id": "",
            "security_group_names": null,
            "tag_specifications": [
              {
                "resource_type": "instance",
                "tags": {
                  "Name": "stack-3tier-web-instances"
                }
              }
            ],
            "tags": null,
            "tags_all": {},
            "update_default_version": null,
            "user_data": "IyEvYmluL2Jhc2gKc3VkbyB5dW0gdXBkYXRlIC15CnN1ZG8geXVtIGluc3RhbGwgZG9ja2VyIC15CnN1ZG8gc2VydmljZSBkb2NrZXIgc3RhcnQKc3VkbyBzeXN0ZW1jdGwgZW5hYmxlIGRvY2tlcgpzdWRvIHVzZXJtb2QgLWEgLUcgZG9ja2VyIGVjMi11c2VyCmF3cyBlY3IgZ2V0LWxvZ2luLXBhc3N3b3JkIC0tcmVnaW9uIGV1LWNlbnRyYWwtMSAgfCBkb2NrZXIgbG9naW4gLS11c2VybmFtZSBBV1MgLS1wYXNzd29yZC1zdGRpbiAzODE0OTIxODc2NjIuZGtyLmVjci5ldS1jZW50cmFsLTEuYW1hem9uYXdzLmNvbQpkb2NrZXIgcnVuIC0tcmVzdGFydCBhbHdheXMgLWUgQVBQTElDQVRJT05fTE9BRF9CQUxBTkNFUj1pbnRlcm5hbC1zdGFjay0zdGllci1hbGItYXBwLTUxNjA0MzE3MC5ldS1jZW50cmFsLTEuZWxiLmFtYXpvbmF3cy5jb20gLXAgMzAwMDozMDAwIC1kIDM4MTQ5MjE4NzY2Mi5ka3IuZWNyLmV1LWNlbnRyYWwtMS5hbWF6b25hd3MuY29tL3N0YWNrLTN0aWVyLWVjci1yZXBvLWZyb250ZW5kOmxhdGVzdAo=",
            "vpc_security_group_ids": null
          },
          "sensitive_attributes": [],
          "private": "bnVsbA==",
          "dependencies": [
            "aws_ecr_repository.frontend",
            "aws_iam_instance_profile.ec2_ecr_connection",
            "aws_iam_role.role",
            "aws_lb.alb-app-tier",
            "aws_security_group.alb-app-tier-sg",
            "aws_security_group.alb-web-tier-sg",
            "aws_security_group.asg-web-tier-sg",
            "aws_subnet.app-tier-subnet-one",
            "aws_subnet.app-tier-subnet-two",
            "aws_vpc.vpc",
            "data.aws_ami.amazon_linux_2",
            "data.aws_caller_identity.current"
          ]
        }
      ]
    },
    {
      "mode": "managed",
      "type": "aws_lb",
      "name": "alb-app-tier",
      "provider": "provider[\"registry.terraform.io/hashicorp/aws\"]",
      "instances": [
        {
          "schema_version": 0,
          "attributes": {
            "access_logs": [
              {
                "bucket": "",
                "enabled": false,
                "prefix": ""
              }
            ],
            "arn": "arn:aws:elasticloadbalancing:eu-central-1:381492187662:loadbalancer/app/stack-3tier-alb-app/ea97c6289790bb2b",
            "arn_suffix": "app/stack-3tier-alb-app/ea97c6289790bb2b",
            "customer_owned_ipv4_pool": "",
            "desync_mitigation_mode": "defensive",
            "dns_name": "internal-stack-3tier-alb-app-516043170.eu-central-1.elb.amazonaws.com",
            "drop_invalid_header_fields": false,
            "enable_cross_zone_load_balancing": true,
            "enable_deletion_protection": false,
            "enable_http2": true,
            "enable_tls_version_and_cipher_suite_headers": false,
            "enable_waf_fail_open": false,
            "enable_xff_client_port": false,
            "id": "arn:aws:elasticloadbalancing:eu-central-1:381492187662:loadbalancer/app/stack-3tier-alb-app/ea97c6289790bb2b",
            "idle_timeout": 60,
            "internal": true,
            "ip_address_type": "ipv4",
            "load_balancer_type": "application",
            "name": "stack-3tier-alb-app",
            "name_prefix": null,
            "preserve_host_header": false,
            "security_groups": [
              "sg-0a71af9a4e8a6d99d"
            ],
            "subnet_mapping": [
              {
                "allocation_id": "",
                "ipv6_address": "",
                "outpost_id": "",
                "private_ipv4_address": "",
                "subnet_id": "subnet-08e9caeb3efa69ebf"
              },
              {
                "allocation_id": "",
                "ipv6_address": "",
                "outpost_id": "",
                "private_ipv4_address": "",
                "subnet_id": "subnet-0eaff904d64422625"
              }
            ],
            "subnets": [
              "subnet-08e9caeb3efa69ebf",
              "subnet-0eaff904d64422625"
            ],
            "tags": null,
            "tags_all": {},
            "timeouts": null,
            "vpc_id": "vpc-09f2639068eea4a81",
            "xff_header_processing_mode": "append",
            "zone_id": "Z215JYRZR1TBD5"
          },
          "sensitive_attributes": [],
          "private": "eyJlMmJmYjczMC1lY2FhLTExZTYtOGY4OC0zNDM2M2JjN2M0YzAiOnsiY3JlYXRlIjo2MDAwMDAwMDAwMDAsImRlbGV0ZSI6NjAwMDAwMDAwMDAwLCJ1cGRhdGUiOjYwMDAwMDAwMDAwMH19",
          "dependencies": [
            "aws_security_group.alb-app-tier-sg",
            "aws_security_group.alb-web-tier-sg",
            "aws_security_group.asg-web-tier-sg",
            "aws_subnet.app-tier-subnet-one",
            "aws_subnet.app-tier-subnet-two",
            "aws_vpc.vpc"
          ]
        }
      ]
    },
    {
      "mode": "managed",
      "type": "aws_lb",
      "name": "alb-web-tier",
      "provider": "provider[\"registry.terraform.io/hashicorp/aws\"]",
      "instances": [
        {
          "schema_version": 0,
          "attributes": {
            "access_logs": [
              {
                "bucket": "",
                "enabled": false,
                "prefix": ""
              }
            ],
            "arn": "arn:aws:elasticloadbalancing:eu-central-1:381492187662:loadbalancer/app/stack-3tier-alb-web/32025a979363296b",
            "arn_suffix": "app/stack-3tier-alb-web/32025a979363296b",
            "customer_owned_ipv4_pool": "",
            "desync_mitigation_mode": "defensive",
            "dns_name": "stack-3tier-alb-web-1138654140.eu-central-1.elb.amazonaws.com",
            "drop_invalid_header_fields": false,
            "enable_cross_zone_load_balancing": true,
            "enable_deletion_protection": false,
            "enable_http2": true,
            "enable_tls_version_and_cipher_suite_headers": false,
            "enable_waf_fail_open": false,
            "enable_xff_client_port": false,
            "id": "arn:aws:elasticloadbalancing:eu-central-1:381492187662:loadbalancer/app/stack-3tier-alb-web/32025a979363296b",
            "idle_timeout": 60,
            "internal": false,
            "ip_address_type": "ipv4",
            "load_balancer_type": "application",
            "name": "stack-3tier-alb-web",
            "name_prefix": null,
            "preserve_host_header": false,
            "security_groups": [
              "sg-0d5523e887d486ca4"
            ],
            "subnet_mapping": [
              {
                "allocation_id": "",
                "ipv6_address": "",
                "outpost_id": "",
                "private_ipv4_address": "",
                "subnet_id": "subnet-0092212d2a9f5aeab"
              },
              {
                "allocation_id": "",
                "ipv6_address": "",
                "outpost_id": "",
                "private_ipv4_address": "",
                "subnet_id": "subnet-01e8651201e859f08"
              }
            ],
            "subnets": [
              "subnet-0092212d2a9f5aeab",
              "subnet-01e8651201e859f08"
            ],
            "tags": null,
            "tags_all": {},
            "timeouts": null,
            "vpc_id": "vpc-09f2639068eea4a81",
            "xff_header_processing_mode": "append",
            "zone_id": "Z215JYRZR1TBD5"
          },
          "sensitive_attributes": [],
          "private": "eyJlMmJmYjczMC1lY2FhLTExZTYtOGY4OC0zNDM2M2JjN2M0YzAiOnsiY3JlYXRlIjo2MDAwMDAwMDAwMDAsImRlbGV0ZSI6NjAwMDAwMDAwMDAwLCJ1cGRhdGUiOjYwMDAwMDAwMDAwMH19",
          "dependencies": [
            "aws_security_group.alb-web-tier-sg",
            "aws_subnet.web-tier-subnet-one",
            "aws_subnet.web-tier-subnet-two",
            "aws_vpc.vpc"
          ]
        }
      ]
    },
    {
      "mode": "managed",
      "type": "aws_lb_listener",
      "name": "alb-app-tier-listener",
      "provider": "provider[\"registry.terraform.io/hashicorp/aws\"]",
      "instances": [
        {
          "schema_version": 0,
          "attributes": {
            "alpn_policy": null,
            "arn": "arn:aws:elasticloadbalancing:eu-central-1:381492187662:listener/app/stack-3tier-alb-app/ea97c6289790bb2b/d8058ff466d2f3a9",
            "certificate_arn": null,
            "default_action": [
              {
                "authenticate_cognito": [],
                "authenticate_oidc": [],
                "fixed_response": [],
                "forward": [],
                "order": 1,
                "redirect": [],
                "target_group_arn": "arn:aws:elasticloadbalancing:eu-central-1:381492187662:targetgroup/stack-3tier-tg-app/886eac699d0f03da",
                "type": "forward"
              }
            ],
            "id": "arn:aws:elasticloadbalancing:eu-central-1:381492187662:listener/app/stack-3tier-alb-app/ea97c6289790bb2b/d8058ff466d2f3a9",
            "load_balancer_arn": "arn:aws:elasticloadbalancing:eu-central-1:381492187662:loadbalancer/app/stack-3tier-alb-app/ea97c6289790bb2b",
            "port": 80,
            "protocol": "HTTP",
            "ssl_policy": "",
            "tags": null,
            "tags_all": {},
            "timeouts": null
          },
          "sensitive_attributes": [],
          "private": "eyJlMmJmYjczMC1lY2FhLTExZTYtOGY4OC0zNDM2M2JjN2M0YzAiOnsicmVhZCI6NjAwMDAwMDAwMDAwfX0=",
          "dependencies": [
            "aws_lb.alb-app-tier",
            "aws_lb_target_group.alb-app-tier-tg",
            "aws_security_group.alb-app-tier-sg",
            "aws_security_group.alb-web-tier-sg",
            "aws_security_group.asg-web-tier-sg",
            "aws_subnet.app-tier-subnet-one",
            "aws_subnet.app-tier-subnet-two",
            "aws_vpc.vpc"
          ]
        }
      ]
    },
    {
      "mode": "managed",
      "type": "aws_lb_listener",
      "name": "alb-web-tier-listener",
      "provider": "provider[\"registry.terraform.io/hashicorp/aws\"]",
      "instances": [
        {
          "schema_version": 0,
          "attributes": {
            "alpn_policy": null,
            "arn": "arn:aws:elasticloadbalancing:eu-central-1:381492187662:listener/app/stack-3tier-alb-web/32025a979363296b/08f0d699edb620d0",
            "certificate_arn": null,
            "default_action": [
              {
                "authenticate_cognito": [],
                "authenticate_oidc": [],
                "fixed_response": [],
                "forward": [],
                "order": 1,
                "redirect": [],
                "target_group_arn": "arn:aws:elasticloadbalancing:eu-central-1:381492187662:targetgroup/stack-3tier-tg-web/11fe99c56c5c50ac",
                "type": "forward"
              }
            ],
            "id": "arn:aws:elasticloadbalancing:eu-central-1:381492187662:listener/app/stack-3tier-alb-web/32025a979363296b/08f0d699edb620d0",
            "load_balancer_arn": "arn:aws:elasticloadbalancing:eu-central-1:381492187662:loadbalancer/app/stack-3tier-alb-web/32025a979363296b",
            "port": 80,
            "protocol": "HTTP",
            "ssl_policy": "",
            "tags": null,
            "tags_all": {},
            "timeouts": null
          },
          "sensitive_attributes": [],
          "private": "eyJlMmJmYjczMC1lY2FhLTExZTYtOGY4OC0zNDM2M2JjN2M0YzAiOnsicmVhZCI6NjAwMDAwMDAwMDAwfX0=",
          "dependencies": [
            "aws_lb.alb-web-tier",
            "aws_lb_target_group.alb-web-tier-tg",
            "aws_security_group.alb-web-tier-sg",
            "aws_subnet.web-tier-subnet-one",
            "aws_subnet.web-tier-subnet-two",
            "aws_vpc.vpc"
          ]
        }
      ]
    },
    {
      "mode": "managed",
      "type": "aws_lb_target_group",
      "name": "alb-app-tier-tg",
      "provider": "provider[\"registry.terraform.io/hashicorp/aws\"]",
      "instances": [
        {
          "schema_version": 0,
          "attributes": {
            "arn": "arn:aws:elasticloadbalancing:eu-central-1:381492187662:targetgroup/stack-3tier-tg-app/886eac699d0f03da",
            "arn_suffix": "targetgroup/stack-3tier-tg-app/886eac699d0f03da",
            "connection_termination": false,
            "deregistration_delay": "300",
            "health_check": [
              {
                "enabled": true,
                "healthy_threshold": 5,
                "interval": 30,
                "matcher": "200",
                "path": "/",
                "port": "traffic-port",
                "protocol": "HTTP",
                "timeout": 5,
                "unhealthy_threshold": 2
              }
            ],
            "id": "arn:aws:elasticloadbalancing:eu-central-1:381492187662:targetgroup/stack-3tier-tg-app/886eac699d0f03da",
            "ip_address_type": "ipv4",
            "lambda_multi_value_headers_enabled": false,
            "load_balancing_algorithm_type": "round_robin",
            "load_balancing_cross_zone_enabled": "use_load_balancer_configuration",
            "name": "stack-3tier-tg-app",
            "name_prefix": null,
            "port": 3000,
            "preserve_client_ip": null,
            "protocol": "HTTP",
            "protocol_version": "HTTP1",
            "proxy_protocol_v2": false,
            "slow_start": 0,
            "stickiness": [
              {
                "cookie_duration": 86400,
                "cookie_name": "",
                "enabled": false,
                "type": "lb_cookie"
              }
            ],
            "tags": null,
            "tags_all": {},
            "target_failover": [
              {
                "on_deregistration": null,
                "on_unhealthy": null
              }
            ],
            "target_type": "instance",
            "vpc_id": "vpc-09f2639068eea4a81"
          },
          "sensitive_attributes": [],
          "private": "bnVsbA==",
          "dependencies": [
            "aws_vpc.vpc"
          ]
        }
      ]
    },
    {
      "mode": "managed",
      "type": "aws_lb_target_group",
      "name": "alb-web-tier-tg",
      "provider": "provider[\"registry.terraform.io/hashicorp/aws\"]",
      "instances": [
        {
          "schema_version": 0,
          "attributes": {
            "arn": "arn:aws:elasticloadbalancing:eu-central-1:381492187662:targetgroup/stack-3tier-tg-web/11fe99c56c5c50ac",
            "arn_suffix": "targetgroup/stack-3tier-tg-web/11fe99c56c5c50ac",
            "connection_termination": false,
            "deregistration_delay": "300",
            "health_check": [
              {
                "enabled": true,
                "healthy_threshold": 5,
                "interval": 30,
                "matcher": "200",
                "path": "/",
                "port": "traffic-port",
                "protocol": "HTTP",
                "timeout": 5,
                "unhealthy_threshold": 2
              }
            ],
            "id": "arn:aws:elasticloadbalancing:eu-central-1:381492187662:targetgroup/stack-3tier-tg-web/11fe99c56c5c50ac",
            "ip_address_type": "ipv4",
            "lambda_multi_value_headers_enabled": false,
            "load_balancing_algorithm_type": "round_robin",
            "load_balancing_cross_zone_enabled": "use_load_balancer_configuration",
            "name": "stack-3tier-tg-web",
            "name_prefix": null,
            "port": 3000,
            "preserve_client_ip": null,
            "protocol": "HTTP",
            "protocol_version": "HTTP1",
            "proxy_protocol_v2": false,
            "slow_start": 0,
            "stickiness": [
              {
                "cookie_duration": 86400,
                "cookie_name": "",
                "enabled": false,
                "type": "lb_cookie"
              }
            ],
            "tags": null,
            "tags_all": {},
            "target_failover": [
              {
                "on_deregistration": null,
                "on_unhealthy": null
              }
            ],
            "target_type": "instance",
            "vpc_id": "vpc-09f2639068eea4a81"
          },
          "sensitive_attributes": [],
          "private": "bnVsbA==",
          "dependencies": [
            "aws_vpc.vpc"
          ]
        }
      ]
    },
    {
      "mode": "managed",
      "type": "aws_nat_gateway",
      "name": "nat-gw",
      "provider": "provider[\"registry.terraform.io/hashicorp/aws\"]",
      "instances": [
        {
          "schema_version": 0,
          "attributes": {
            "allocation_id": "eipalloc-094afefcd3af585d6",
            "association_id": "eipassoc-01e3134380dc0f6a5",
            "connectivity_type": "public",
            "id": "nat-02a40e5f566557f11",
            "network_interface_id": "eni-020220ae3e6c990d1",
            "private_ip": "10.0.1.68",
            "public_ip": "3.65.184.207",
            "subnet_id": "subnet-0092212d2a9f5aeab",
            "tags": {
              "Name": "stack-3tier-nat-gw"
            },
            "tags_all": {
              "Name": "stack-3tier-nat-gw"
            }
          },
          "sensitive_attributes": [],
          "private": "bnVsbA==",
          "dependencies": [
            "aws_eip.eip",
            "aws_internet_gateway.igw",
            "aws_subnet.web-tier-subnet-one",
            "aws_vpc.vpc"
          ]
        }
      ]
    },
    {
      "mode": "managed",
      "type": "aws_route_table",
      "name": "private-route-table",
      "provider": "provider[\"registry.terraform.io/hashicorp/aws\"]",
      "instances": [
        {
          "schema_version": 0,
          "attributes": {
            "arn": "arn:aws:ec2:eu-central-1:381492187662:route-table/rtb-0b4f5cf3a701cfdd9",
            "id": "rtb-0b4f5cf3a701cfdd9",
            "owner_id": "381492187662",
            "propagating_vgws": [],
            "route": [
              {
                "carrier_gateway_id": "",
                "cidr_block": "0.0.0.0/0",
                "core_network_arn": "",
                "destination_prefix_list_id": "",
                "egress_only_gateway_id": "",
                "gateway_id": "nat-02a40e5f566557f11",
                "instance_id": "",
                "ipv6_cidr_block": "",
                "local_gateway_id": "",
                "nat_gateway_id": "",
                "network_interface_id": "",
                "transit_gateway_id": "",
                "vpc_endpoint_id": "",
                "vpc_peering_connection_id": ""
              }
            ],
            "tags": {
              "Name": "stack-3tier-private-route-table"
            },
            "tags_all": {
              "Name": "stack-3tier-private-route-table"
            },
            "timeouts": null,
            "vpc_id": "vpc-09f2639068eea4a81"
          },
          "sensitive_attributes": [],
          "private": "eyJlMmJmYjczMC1lY2FhLTExZTYtOGY4OC0zNDM2M2JjN2M0YzAiOnsiY3JlYXRlIjozMDAwMDAwMDAwMDAsImRlbGV0ZSI6MzAwMDAwMDAwMDAwLCJ1cGRhdGUiOjEyMDAwMDAwMDAwMH19",
          "dependencies": [
            "aws_eip.eip",
            "aws_internet_gateway.igw",
            "aws_nat_gateway.nat-gw",
            "aws_subnet.web-tier-subnet-one",
            "aws_vpc.vpc"
          ]
        }
      ]
    },
    {
      "mode": "managed",
      "type": "aws_route_table",
      "name": "public-route-table",
      "provider": "provider[\"registry.terraform.io/hashicorp/aws\"]",
      "instances": [
        {
          "schema_version": 0,
          "attributes": {
            "arn": "arn:aws:ec2:eu-central-1:381492187662:route-table/rtb-0f60285acd2a75a9a",
            "id": "rtb-0f60285acd2a75a9a",
            "owner_id": "381492187662",
            "propagating_vgws": [],
            "route": [
              {
                "carrier_gateway_id": "",
                "cidr_block": "0.0.0.0/0",
                "core_network_arn": "",
                "destination_prefix_list_id": "",
                "egress_only_gateway_id": "",
                "gateway_id": "igw-08af3352cfd076c6c",
                "instance_id": "",
                "ipv6_cidr_block": "",
                "local_gateway_id": "",
                "nat_gateway_id": "",
                "network_interface_id": "",
                "transit_gateway_id": "",
                "vpc_endpoint_id": "",
                "vpc_peering_connection_id": ""
              }
            ],
            "tags": {
              "Name": "stack-3tier-public-route-table"
            },
            "tags_all": {
              "Name": "stack-3tier-public-route-table"
            },
            "timeouts": null,
            "vpc_id": "vpc-09f2639068eea4a81"
          },
          "sensitive_attributes": [],
          "private": "eyJlMmJmYjczMC1lY2FhLTExZTYtOGY4OC0zNDM2M2JjN2M0YzAiOnsiY3JlYXRlIjozMDAwMDAwMDAwMDAsImRlbGV0ZSI6MzAwMDAwMDAwMDAwLCJ1cGRhdGUiOjEyMDAwMDAwMDAwMH19",
          "dependencies": [
            "aws_internet_gateway.igw",
            "aws_vpc.vpc"
          ]
        }
      ]
    },
    {
      "mode": "managed",
      "type": "aws_route_table_association",
      "name": "private-route-association-one",
      "provider": "provider[\"registry.terraform.io/hashicorp/aws\"]",
      "instances": [
        {
          "schema_version": 0,
          "attributes": {
            "gateway_id": "",
            "id": "rtbassoc-04b054283ba98ad86",
            "route_table_id": "rtb-0b4f5cf3a701cfdd9",
            "subnet_id": "subnet-08e9caeb3efa69ebf",
            "timeouts": null
          },
          "sensitive_attributes": [],
          "private": "eyJlMmJmYjczMC1lY2FhLTExZTYtOGY4OC0zNDM2M2JjN2M0YzAiOnsiY3JlYXRlIjozMDAwMDAwMDAwMDAsImRlbGV0ZSI6MzAwMDAwMDAwMDAwLCJ1cGRhdGUiOjEyMDAwMDAwMDAwMH19",
          "dependencies": [
            "aws_eip.eip",
            "aws_internet_gateway.igw",
            "aws_nat_gateway.nat-gw",
            "aws_route_table.private-route-table",
            "aws_subnet.app-tier-subnet-one",
            "aws_subnet.web-tier-subnet-one",
            "aws_vpc.vpc"
          ]
        }
      ]
    },
    {
      "mode": "managed",
      "type": "aws_route_table_association",
      "name": "private-route-association-two",
      "provider": "provider[\"registry.terraform.io/hashicorp/aws\"]",
      "instances": [
        {
          "schema_version": 0,
          "attributes": {
            "gateway_id": "",
            "id": "rtbassoc-08cdd46fea027b0a8",
            "route_table_id": "rtb-0b4f5cf3a701cfdd9",
            "subnet_id": "subnet-0eaff904d64422625",
            "timeouts": null
          },
          "sensitive_attributes": [],
          "private": "eyJlMmJmYjczMC1lY2FhLTExZTYtOGY4OC0zNDM2M2JjN2M0YzAiOnsiY3JlYXRlIjozMDAwMDAwMDAwMDAsImRlbGV0ZSI6MzAwMDAwMDAwMDAwLCJ1cGRhdGUiOjEyMDAwMDAwMDAwMH19",
          "dependencies": [
            "aws_eip.eip",
            "aws_internet_gateway.igw",
            "aws_nat_gateway.nat-gw",
            "aws_route_table.private-route-table",
            "aws_subnet.app-tier-subnet-two",
            "aws_subnet.web-tier-subnet-one",
            "aws_vpc.vpc"
          ]
        }
      ]
    },
    {
      "mode": "managed",
      "type": "aws_route_table_association",
      "name": "public-route-association-one",
      "provider": "provider[\"registry.terraform.io/hashicorp/aws\"]",
      "instances": [
        {
          "schema_version": 0,
          "attributes": {
            "gateway_id": "",
            "id": "rtbassoc-0dcf01cd2078cc1ac",
            "route_table_id": "rtb-0f60285acd2a75a9a",
            "subnet_id": "subnet-0092212d2a9f5aeab",
            "timeouts": null
          },
          "sensitive_attributes": [],
          "private": "eyJlMmJmYjczMC1lY2FhLTExZTYtOGY4OC0zNDM2M2JjN2M0YzAiOnsiY3JlYXRlIjozMDAwMDAwMDAwMDAsImRlbGV0ZSI6MzAwMDAwMDAwMDAwLCJ1cGRhdGUiOjEyMDAwMDAwMDAwMH19",
          "dependencies": [
            "aws_internet_gateway.igw",
            "aws_route_table.public-route-table",
            "aws_subnet.web-tier-subnet-one",
            "aws_vpc.vpc"
          ]
        }
      ]
    },
    {
      "mode": "managed",
      "type": "aws_route_table_association",
      "name": "public-route-association-two",
      "provider": "provider[\"registry.terraform.io/hashicorp/aws\"]",
      "instances": [
        {
          "schema_version": 0,
          "attributes": {
            "gateway_id": "",
            "id": "rtbassoc-0e49c1a484e4cae0f",
            "route_table_id": "rtb-0f60285acd2a75a9a",
            "subnet_id": "subnet-01e8651201e859f08",
            "timeouts": null
          },
          "sensitive_attributes": [],
          "private": "eyJlMmJmYjczMC1lY2FhLTExZTYtOGY4OC0zNDM2M2JjN2M0YzAiOnsiY3JlYXRlIjozMDAwMDAwMDAwMDAsImRlbGV0ZSI6MzAwMDAwMDAwMDAwLCJ1cGRhdGUiOjEyMDAwMDAwMDAwMH19",
          "dependencies": [
            "aws_internet_gateway.igw",
            "aws_route_table.public-route-table",
            "aws_subnet.web-tier-subnet-two",
            "aws_vpc.vpc"
          ]
        }
      ]
    },
    {
      "mode": "managed",
      "type": "aws_security_group",
      "name": "alb-app-tier-sg",
      "provider": "provider[\"registry.terraform.io/hashicorp/aws\"]",
      "instances": [
        {
          "schema_version": 1,
          "attributes": {
            "arn": "arn:aws:ec2:eu-central-1:381492187662:security-group/sg-0a71af9a4e8a6d99d",
            "description": "Application Load Balancer Security Group",
            "egress": [
              {
                "cidr_blocks": [
                  "0.0.0.0/0"
                ],
                "description": "",
                "from_port": 0,
                "ipv6_cidr_blocks": [],
                "prefix_list_ids": [],
                "protocol": "-1",
                "security_groups": [],
                "self": false,
                "to_port": 0
              }
            ],
            "id": "sg-0a71af9a4e8a6d99d",
            "ingress": [
              {
                "cidr_blocks": [],
                "description": "",
                "from_port": 22,
                "ipv6_cidr_blocks": [],
                "prefix_list_ids": [],
                "protocol": "tcp",
                "security_groups": [
                  "sg-0596742eb6dab82c9"
                ],
                "self": false,
                "to_port": 22
              },
              {
                "cidr_blocks": [],
                "description": "",
                "from_port": 3000,
                "ipv6_cidr_blocks": [],
                "prefix_list_ids": [],
                "protocol": "tcp",
                "security_groups": [
                  "sg-0596742eb6dab82c9"
                ],
                "self": false,
                "to_port": 3000
              },
              {
                "cidr_blocks": [],
                "description": "",
                "from_port": 80,
                "ipv6_cidr_blocks": [],
                "prefix_list_ids": [],
                "protocol": "tcp",
                "security_groups": [
                  "sg-0596742eb6dab82c9"
                ],
                "self": false,
                "to_port": 80
              }
            ],
            "name": "stack-3tier-alb-sg-app",
            "name_prefix": "",
            "owner_id": "381492187662",
            "revoke_rules_on_delete": false,
            "tags": {
              "Name": "stack-3tier-alb-sg-app"
            },
            "tags_all": {
              "Name": "stack-3tier-alb-sg-app"
            },
            "timeouts": null,
            "vpc_id": "vpc-09f2639068eea4a81"
          },
          "sensitive_attributes": [],
          "private": "eyJlMmJmYjczMC1lY2FhLTExZTYtOGY4OC0zNDM2M2JjN2M0YzAiOnsiY3JlYXRlIjo2MDAwMDAwMDAwMDAsImRlbGV0ZSI6OTAwMDAwMDAwMDAwfSwic2NoZW1hX3ZlcnNpb24iOiIxIn0=",
          "dependencies": [
            "aws_security_group.alb-web-tier-sg",
            "aws_security_group.asg-web-tier-sg",
            "aws_vpc.vpc"
          ]
        }
      ]
    },
    {
      "mode": "managed",
      "type": "aws_security_group",
      "name": "alb-web-tier-sg",
      "provider": "provider[\"registry.terraform.io/hashicorp/aws\"]",
      "instances": [
        {
          "schema_version": 1,
          "attributes": {
            "arn": "arn:aws:ec2:eu-central-1:381492187662:security-group/sg-0d5523e887d486ca4",
            "description": "Application Load Balancer Security Group",
            "egress": [
              {
                "cidr_blocks": [
                  "0.0.0.0/0"
                ],
                "description": "",
                "from_port": 0,
                "ipv6_cidr_blocks": [],
                "prefix_list_ids": [],
                "protocol": "-1",
                "security_groups": [],
                "self": false,
                "to_port": 0
              }
            ],
            "id": "sg-0d5523e887d486ca4",
            "ingress": [
              {
                "cidr_blocks": [
                  "0.0.0.0/0"
                ],
                "description": "",
                "from_port": 80,
                "ipv6_cidr_blocks": [],
                "prefix_list_ids": [],
                "protocol": "tcp",
                "security_groups": [],
                "self": false,
                "to_port": 80
              },
              {
                "cidr_blocks": [],
                "description": "",
                "from_port": 3000,
                "ipv6_cidr_blocks": [],
                "prefix_list_ids": [],
                "protocol": "tcp",
                "security_groups": [],
                "self": false,
                "to_port": 3000
              }
            ],
            "name": "stack-3tier-alb-sg-web",
            "name_prefix": "",
            "owner_id": "381492187662",
            "revoke_rules_on_delete": false,
            "tags": {
              "Name": "stack-3tier-alb-sg-web"
            },
            "tags_all": {
              "Name": "stack-3tier-alb-sg-web"
            },
            "timeouts": null,
            "vpc_id": "vpc-09f2639068eea4a81"
          },
          "sensitive_attributes": [],
          "private": "eyJlMmJmYjczMC1lY2FhLTExZTYtOGY4OC0zNDM2M2JjN2M0YzAiOnsiY3JlYXRlIjo2MDAwMDAwMDAwMDAsImRlbGV0ZSI6OTAwMDAwMDAwMDAwfSwic2NoZW1hX3ZlcnNpb24iOiIxIn0=",
          "dependencies": [
            "aws_vpc.vpc"
          ]
        }
      ]
    },
    {
      "mode": "managed",
      "type": "aws_security_group",
      "name": "asg-app-tier-sg",
      "provider": "provider[\"registry.terraform.io/hashicorp/aws\"]",
      "instances": [
        {
          "schema_version": 1,
          "attributes": {
            "arn": "arn:aws:ec2:eu-central-1:381492187662:security-group/sg-0f693104d645f9cdf",
            "description": "Auto Scaling Group Security Group",
            "egress": [
              {
                "cidr_blocks": [
                  "0.0.0.0/0"
                ],
                "description": "",
                "from_port": 0,
                "ipv6_cidr_blocks": [],
                "prefix_list_ids": [],
                "protocol": "-1",
                "security_groups": [],
                "self": false,
                "to_port": 0
              }
            ],
            "id": "sg-0f693104d645f9cdf",
            "ingress": [
              {
                "cidr_blocks": [],
                "description": "",
                "from_port": 22,
                "ipv6_cidr_blocks": [],
                "prefix_list_ids": [],
                "protocol": "tcp",
                "security_groups": [],
                "self": false,
                "to_port": 22
              },
              {
                "cidr_blocks": [],
                "description": "",
                "from_port": 3000,
                "ipv6_cidr_blocks": [],
                "prefix_list_ids": [],
                "protocol": "tcp",
                "security_groups": [
                  "sg-0a71af9a4e8a6d99d"
                ],
                "self": false,
                "to_port": 3000
              },
              {
                "cidr_blocks": [],
                "description": "",
                "from_port": 80,
                "ipv6_cidr_blocks": [],
                "prefix_list_ids": [],
                "protocol": "tcp",
                "security_groups": [
                  "sg-0a71af9a4e8a6d99d"
                ],
                "self": false,
                "to_port": 80
              }
            ],
            "name": "stack-3tier-asg-sg-app",
            "name_prefix": "",
            "owner_id": "381492187662",
            "revoke_rules_on_delete": false,
            "tags": {
              "Name": "stack-3tier-asg-sg-app"
            },
            "tags_all": {
              "Name": "stack-3tier-asg-sg-app"
            },
            "timeouts": null,
            "vpc_id": "vpc-09f2639068eea4a81"
          },
          "sensitive_attributes": [],
          "private": "eyJlMmJmYjczMC1lY2FhLTExZTYtOGY4OC0zNDM2M2JjN2M0YzAiOnsiY3JlYXRlIjo2MDAwMDAwMDAwMDAsImRlbGV0ZSI6OTAwMDAwMDAwMDAwfSwic2NoZW1hX3ZlcnNpb24iOiIxIn0=",
          "dependencies": [
            "aws_security_group.alb-app-tier-sg",
            "aws_security_group.alb-web-tier-sg",
            "aws_security_group.asg-web-tier-sg",
            "aws_vpc.vpc"
          ]
        }
      ]
    },
    {
      "mode": "managed",
      "type": "aws_security_group",
      "name": "asg-web-tier-sg",
      "provider": "provider[\"registry.terraform.io/hashicorp/aws\"]",
      "instances": [
        {
          "schema_version": 1,
          "attributes": {
            "arn": "arn:aws:ec2:eu-central-1:381492187662:security-group/sg-0596742eb6dab82c9",
            "description": "Auto Scaling Group Security Group",
            "egress": [
              {
                "cidr_blocks": [
                  "0.0.0.0/0"
                ],
                "description": "",
                "from_port": 0,
                "ipv6_cidr_blocks": [],
                "prefix_list_ids": [],
                "protocol": "-1",
                "security_groups": [],
                "self": false,
                "to_port": 0
              }
            ],
            "id": "sg-0596742eb6dab82c9",
            "ingress": [
              {
                "cidr_blocks": [
                  "0.0.0.0/0"
                ],
                "description": "",
                "from_port": 22,
                "ipv6_cidr_blocks": [],
                "prefix_list_ids": [],
                "protocol": "tcp",
                "security_groups": [],
                "self": false,
                "to_port": 22
              },
              {
                "cidr_blocks": [
                  "0.0.0.0/0"
                ],
                "description": "",
                "from_port": 3000,
                "ipv6_cidr_blocks": [],
                "prefix_list_ids": [],
                "protocol": "tcp",
                "security_groups": [
                  "sg-0d5523e887d486ca4"
                ],
                "self": false,
                "to_port": 3000
              },
              {
                "cidr_blocks": [
                  "0.0.0.0/0"
                ],
                "description": "",
                "from_port": 80,
                "ipv6_cidr_blocks": [],
                "prefix_list_ids": [],
                "protocol": "tcp",
                "security_groups": [
                  "sg-0d5523e887d486ca4"
                ],
                "self": false,
                "to_port": 80
              }
            ],
            "name": "stack-3tier-asg-sg-web",
            "name_prefix": "",
            "owner_id": "381492187662",
            "revoke_rules_on_delete": false,
            "tags": {
              "Name": "stack-3tier-asg-sg-web"
            },
            "tags_all": {
              "Name": "stack-3tier-asg-sg-web"
            },
            "timeouts": null,
            "vpc_id": "vpc-09f2639068eea4a81"
          },
          "sensitive_attributes": [],
          "private": "eyJlMmJmYjczMC1lY2FhLTExZTYtOGY4OC0zNDM2M2JjN2M0YzAiOnsiY3JlYXRlIjo2MDAwMDAwMDAwMDAsImRlbGV0ZSI6OTAwMDAwMDAwMDAwfSwic2NoZW1hX3ZlcnNpb24iOiIxIn0=",
          "dependencies": [
            "aws_security_group.alb-web-tier-sg",
            "aws_vpc.vpc"
          ]
        }
      ]
    },
    {
      "mode": "managed",
      "type": "aws_security_group",
      "name": "db-tier-sg",
      "provider": "provider[\"registry.terraform.io/hashicorp/aws\"]",
      "instances": [
        {
          "schema_version": 1,
          "attributes": {
            "arn": "arn:aws:ec2:eu-central-1:381492187662:security-group/sg-0a2c8c8bdf19c3c8f",
            "description": "Database Security Group",
            "egress": [
              {
                "cidr_blocks": [
                  "0.0.0.0/0"
                ],
                "description": "",
                "from_port": 0,
                "ipv6_cidr_blocks": [],
                "prefix_list_ids": [],
                "protocol": "-1",
                "security_groups": [],
                "self": false,
                "to_port": 0
              }
            ],
            "id": "sg-0a2c8c8bdf19c3c8f",
            "ingress": [
              {
                "cidr_blocks": [],
                "description": "",
                "from_port": 5432,
                "ipv6_cidr_blocks": [],
                "prefix_list_ids": [],
                "protocol": "tcp",
                "security_groups": [
                  "sg-0f693104d645f9cdf"
                ],
                "self": false,
                "to_port": 5432
              }
            ],
            "name": "stack-3tier-db-sg",
            "name_prefix": "",
            "owner_id": "381492187662",
            "revoke_rules_on_delete": false,
            "tags": {
              "Name": "stack-3tier-db-sg"
            },
            "tags_all": {
              "Name": "stack-3tier-db-sg"
            },
            "timeouts": null,
            "vpc_id": "vpc-09f2639068eea4a81"
          },
          "sensitive_attributes": [],
          "private": "eyJlMmJmYjczMC1lY2FhLTExZTYtOGY4OC0zNDM2M2JjN2M0YzAiOnsiY3JlYXRlIjo2MDAwMDAwMDAwMDAsImRlbGV0ZSI6OTAwMDAwMDAwMDAwfSwic2NoZW1hX3ZlcnNpb24iOiIxIn0=",
          "dependencies": [
            "aws_security_group.alb-app-tier-sg",
            "aws_security_group.alb-web-tier-sg",
            "aws_security_group.asg-app-tier-sg",
            "aws_security_group.asg-web-tier-sg",
            "aws_vpc.vpc"
          ]
        }
      ]
    },
    {
      "mode": "managed",
      "type": "aws_subnet",
      "name": "app-tier-subnet-one",
      "provider": "provider[\"registry.terraform.io/hashicorp/aws\"]",
      "instances": [
        {
          "schema_version": 1,
          "attributes": {
            "arn": "arn:aws:ec2:eu-central-1:381492187662:subnet/subnet-08e9caeb3efa69ebf",
            "assign_ipv6_address_on_creation": false,
            "availability_zone": "eu-central-1a",
            "availability_zone_id": "euc1-az2",
            "cidr_block": "10.0.3.0/24",
            "customer_owned_ipv4_pool": "",
            "enable_dns64": false,
            "enable_lni_at_device_index": 0,
            "enable_resource_name_dns_a_record_on_launch": false,
            "enable_resource_name_dns_aaaa_record_on_launch": false,
            "id": "subnet-08e9caeb3efa69ebf",
            "ipv6_cidr_block": "",
            "ipv6_cidr_block_association_id": "",
            "ipv6_native": false,
            "map_customer_owned_ip_on_launch": false,
            "map_public_ip_on_launch": false,
            "outpost_arn": "",
            "owner_id": "381492187662",
            "private_dns_hostname_type_on_launch": "ip-name",
            "tags": {
              "Name": "stack-3tier-app-sn-1"
            },
            "tags_all": {
              "Name": "stack-3tier-app-sn-1"
            },
            "timeouts": null,
            "vpc_id": "vpc-09f2639068eea4a81"
          },
          "sensitive_attributes": [],
          "private": "eyJlMmJmYjczMC1lY2FhLTExZTYtOGY4OC0zNDM2M2JjN2M0YzAiOnsiY3JlYXRlIjo2MDAwMDAwMDAwMDAsImRlbGV0ZSI6MTIwMDAwMDAwMDAwMH0sInNjaGVtYV92ZXJzaW9uIjoiMSJ9",
          "dependencies": [
            "aws_vpc.vpc"
          ]
        }
      ]
    },
    {
      "mode": "managed",
      "type": "aws_subnet",
      "name": "app-tier-subnet-two",
      "provider": "provider[\"registry.terraform.io/hashicorp/aws\"]",
      "instances": [
        {
          "schema_version": 1,
          "attributes": {
            "arn": "arn:aws:ec2:eu-central-1:381492187662:subnet/subnet-0eaff904d64422625",
            "assign_ipv6_address_on_creation": false,
            "availability_zone": "eu-central-1b",
            "availability_zone_id": "euc1-az3",
            "cidr_block": "10.0.4.0/24",
            "customer_owned_ipv4_pool": "",
            "enable_dns64": false,
            "enable_lni_at_device_index": 0,
            "enable_resource_name_dns_a_record_on_launch": false,
            "enable_resource_name_dns_aaaa_record_on_launch": false,
            "id": "subnet-0eaff904d64422625",
            "ipv6_cidr_block": "",
            "ipv6_cidr_block_association_id": "",
            "ipv6_native": false,
            "map_customer_owned_ip_on_launch": false,
            "map_public_ip_on_launch": false,
            "outpost_arn": "",
            "owner_id": "381492187662",
            "private_dns_hostname_type_on_launch": "ip-name",
            "tags": {
              "Name": "stack-3tier-app-sn-2"
            },
            "tags_all": {
              "Name": "stack-3tier-app-sn-2"
            },
            "timeouts": null,
            "vpc_id": "vpc-09f2639068eea4a81"
          },
          "sensitive_attributes": [],
          "private": "eyJlMmJmYjczMC1lY2FhLTExZTYtOGY4OC0zNDM2M2JjN2M0YzAiOnsiY3JlYXRlIjo2MDAwMDAwMDAwMDAsImRlbGV0ZSI6MTIwMDAwMDAwMDAwMH0sInNjaGVtYV92ZXJzaW9uIjoiMSJ9",
          "dependencies": [
            "aws_vpc.vpc"
          ]
        }
      ]
    },
    {
      "mode": "managed",
      "type": "aws_subnet",
      "name": "db-tier-subnet-one",
      "provider": "provider[\"registry.terraform.io/hashicorp/aws\"]",
      "instances": [
        {
          "schema_version": 1,
          "attributes": {
            "arn": "arn:aws:ec2:eu-central-1:381492187662:subnet/subnet-0acb282e73bee6615",
            "assign_ipv6_address_on_creation": false,
            "availability_zone": "eu-central-1a",
            "availability_zone_id": "euc1-az2",
            "cidr_block": "10.0.5.0/24",
            "customer_owned_ipv4_pool": "",
            "enable_dns64": false,
            "enable_lni_at_device_index": 0,
            "enable_resource_name_dns_a_record_on_launch": false,
            "enable_resource_name_dns_aaaa_record_on_launch": false,
            "id": "subnet-0acb282e73bee6615",
            "ipv6_cidr_block": "",
            "ipv6_cidr_block_association_id": "",
            "ipv6_native": false,
            "map_customer_owned_ip_on_launch": false,
            "map_public_ip_on_launch": false,
            "outpost_arn": "",
            "owner_id": "381492187662",
            "private_dns_hostname_type_on_launch": "ip-name",
            "tags": {
              "Name": "stack-3tier-db-sn-1"
            },
            "tags_all": {
              "Name": "stack-3tier-db-sn-1"
            },
            "timeouts": null,
            "vpc_id": "vpc-09f2639068eea4a81"
          },
          "sensitive_attributes": [],
          "private": "eyJlMmJmYjczMC1lY2FhLTExZTYtOGY4OC0zNDM2M2JjN2M0YzAiOnsiY3JlYXRlIjo2MDAwMDAwMDAwMDAsImRlbGV0ZSI6MTIwMDAwMDAwMDAwMH0sInNjaGVtYV92ZXJzaW9uIjoiMSJ9",
          "dependencies": [
            "aws_vpc.vpc"
          ]
        }
      ]
    },
    {
      "mode": "managed",
      "type": "aws_subnet",
      "name": "db-tier-subnet-two",
      "provider": "provider[\"registry.terraform.io/hashicorp/aws\"]",
      "instances": [
        {
          "schema_version": 1,
          "attributes": {
            "arn": "arn:aws:ec2:eu-central-1:381492187662:subnet/subnet-0aa10a7b932beb448",
            "assign_ipv6_address_on_creation": false,
            "availability_zone": "eu-central-1b",
            "availability_zone_id": "euc1-az3",
            "cidr_block": "10.0.6.0/24",
            "customer_owned_ipv4_pool": "",
            "enable_dns64": false,
            "enable_lni_at_device_index": 0,
            "enable_resource_name_dns_a_record_on_launch": false,
            "enable_resource_name_dns_aaaa_record_on_launch": false,
            "id": "subnet-0aa10a7b932beb448",
            "ipv6_cidr_block": "",
            "ipv6_cidr_block_association_id": "",
            "ipv6_native": false,
            "map_customer_owned_ip_on_launch": false,
            "map_public_ip_on_launch": true,
            "outpost_arn": "",
            "owner_id": "381492187662",
            "private_dns_hostname_type_on_launch": "ip-name",
            "tags": {
              "Name": "stack-3tier-db-sn-2"
            },
            "tags_all": {
              "Name": "stack-3tier-db-sn-2"
            },
            "timeouts": null,
            "vpc_id": "vpc-09f2639068eea4a81"
          },
          "sensitive_attributes": [],
          "private": "eyJlMmJmYjczMC1lY2FhLTExZTYtOGY4OC0zNDM2M2JjN2M0YzAiOnsiY3JlYXRlIjo2MDAwMDAwMDAwMDAsImRlbGV0ZSI6MTIwMDAwMDAwMDAwMH0sInNjaGVtYV92ZXJzaW9uIjoiMSJ9",
          "dependencies": [
            "aws_vpc.vpc"
          ]
        }
      ]
    },
    {
      "mode": "managed",
      "type": "aws_subnet",
      "name": "web-tier-subnet-one",
      "provider": "provider[\"registry.terraform.io/hashicorp/aws\"]",
      "instances": [
        {
          "schema_version": 1,
          "attributes": {
            "arn": "arn:aws:ec2:eu-central-1:381492187662:subnet/subnet-0092212d2a9f5aeab",
            "assign_ipv6_address_on_creation": false,
            "availability_zone": "eu-central-1a",
            "availability_zone_id": "euc1-az2",
            "cidr_block": "10.0.1.0/24",
            "customer_owned_ipv4_pool": "",
            "enable_dns64": false,
            "enable_lni_at_device_index": 0,
            "enable_resource_name_dns_a_record_on_launch": false,
            "enable_resource_name_dns_aaaa_record_on_launch": false,
            "id": "subnet-0092212d2a9f5aeab",
            "ipv6_cidr_block": "",
            "ipv6_cidr_block_association_id": "",
            "ipv6_native": false,
            "map_customer_owned_ip_on_launch": false,
            "map_public_ip_on_launch": true,
            "outpost_arn": "",
            "owner_id": "381492187662",
            "private_dns_hostname_type_on_launch": "ip-name",
            "tags": {
              "Name": "stack-3tier-web-sn-1"
            },
            "tags_all": {
              "Name": "stack-3tier-web-sn-1"
            },
            "timeouts": null,
            "vpc_id": "vpc-09f2639068eea4a81"
          },
          "sensitive_attributes": [],
          "private": "eyJlMmJmYjczMC1lY2FhLTExZTYtOGY4OC0zNDM2M2JjN2M0YzAiOnsiY3JlYXRlIjo2MDAwMDAwMDAwMDAsImRlbGV0ZSI6MTIwMDAwMDAwMDAwMH0sInNjaGVtYV92ZXJzaW9uIjoiMSJ9",
          "dependencies": [
            "aws_vpc.vpc"
          ]
        }
      ]
    },
    {
      "mode": "managed",
      "type": "aws_subnet",
      "name": "web-tier-subnet-two",
      "provider": "provider[\"registry.terraform.io/hashicorp/aws\"]",
      "instances": [
        {
          "schema_version": 1,
          "attributes": {
            "arn": "arn:aws:ec2:eu-central-1:381492187662:subnet/subnet-01e8651201e859f08",
            "assign_ipv6_address_on_creation": false,
            "availability_zone": "eu-central-1b",
            "availability_zone_id": "euc1-az3",
            "cidr_block": "10.0.2.0/24",
            "customer_owned_ipv4_pool": "",
            "enable_dns64": false,
            "enable_lni_at_device_index": 0,
            "enable_resource_name_dns_a_record_on_launch": false,
            "enable_resource_name_dns_aaaa_record_on_launch": false,
            "id": "subnet-01e8651201e859f08",
            "ipv6_cidr_block": "",
            "ipv6_cidr_block_association_id": "",
            "ipv6_native": false,
            "map_customer_owned_ip_on_launch": false,
            "map_public_ip_on_launch": true,
            "outpost_arn": "",
            "owner_id": "381492187662",
            "private_dns_hostname_type_on_launch": "ip-name",
            "tags": {
              "Name": "stack-3tier-web-sn-2"
            },
            "tags_all": {
              "Name": "stack-3tier-web-sn-2"
            },
            "timeouts": null,
            "vpc_id": "vpc-09f2639068eea4a81"
          },
          "sensitive_attributes": [],
          "private": "eyJlMmJmYjczMC1lY2FhLTExZTYtOGY4OC0zNDM2M2JjN2M0YzAiOnsiY3JlYXRlIjo2MDAwMDAwMDAwMDAsImRlbGV0ZSI6MTIwMDAwMDAwMDAwMH0sInNjaGVtYV92ZXJzaW9uIjoiMSJ9",
          "dependencies": [
            "aws_vpc.vpc"
          ]
        }
      ]
    },
    {
      "mode": "managed",
      "type": "aws_vpc",
      "name": "vpc",
      "provider": "provider[\"registry.terraform.io/hashicorp/aws\"]",
      "instances": [
        {
          "schema_version": 1,
          "attributes": {
            "arn": "arn:aws:ec2:eu-central-1:381492187662:vpc/vpc-09f2639068eea4a81",
            "assign_generated_ipv6_cidr_block": false,
            "cidr_block": "10.0.0.0/16",
            "default_network_acl_id": "acl-039cc79e81598ec14",
            "default_route_table_id": "rtb-00869e9a7942d9380",
            "default_security_group_id": "sg-0fc01ca8a8d9ed7a2",
            "dhcp_options_id": "dopt-05205661cd7dd8dbe",
            "enable_classiclink": false,
            "enable_classiclink_dns_support": false,
            "enable_dns_hostnames": false,
            "enable_dns_support": true,
            "enable_network_address_usage_metrics": false,
            "id": "vpc-09f2639068eea4a81",
            "instance_tenancy": "default",
            "ipv4_ipam_pool_id": null,
            "ipv4_netmask_length": null,
            "ipv6_association_id": "",
            "ipv6_cidr_block": "",
            "ipv6_cidr_block_network_border_group": "",
            "ipv6_ipam_pool_id": "",
            "ipv6_netmask_length": 0,
            "main_route_table_id": "rtb-00869e9a7942d9380",
            "owner_id": "381492187662",
            "tags": {
              "Name": "stack-3tier-vpc"
            },
            "tags_all": {
              "Name": "stack-3tier-vpc"
            }
          },
          "sensitive_attributes": [],
          "private": "eyJzY2hlbWFfdmVyc2lvbiI6IjEifQ=="
        }
      ]
    },
    {
      "mode": "managed",
      "type": "docker_registry_image",
      "name": "backend",
      "provider": "provider[\"registry.terraform.io/kreuzwerker/docker\"]",
      "instances": [
        {
          "schema_version": 0,
          "attributes": {
            "build": [
              {
                "auth_config": [],
                "build_args": null,
                "build_id": "",
                "cache_from": null,
                "cgroup_parent": "",
                "context": "../apps/backend",
                "cpu_period": 0,
                "cpu_quota": 0,
                "cpu_set_cpus": "",
                "cpu_set_mems": "",
                "cpu_shares": 0,
                "dockerfile": "Dockerfile",
                "extra_hosts": null,
                "force_remove": false,
                "isolation": "",
                "labels": null,
                "memory": 0,
                "memory_swap": 0,
                "network_mode": "",
                "no_cache": false,
                "platform": "",
                "pull_parent": false,
                "remote_context": "",
                "remove": false,
                "security_opt": null,
                "session_id": "",
                "shm_size": 0,
                "squash": false,
                "suppress_output": false,
                "target": "",
                "ulimit": [],
                "version": ""
              }
            ],
            "id": "sha256:f964efa5b64c58d8cf2f33bd347e6e3b4b3e9c53a70341d19928befe38231f36",
            "insecure_skip_verify": false,
            "keep_remotely": false,
            "name": "381492187662.dkr.ecr.eu-central-1.amazonaws.com/stack-3tier-ecr-repo-backend:latest",
            "sha256_digest": "sha256:f964efa5b64c58d8cf2f33bd347e6e3b4b3e9c53a70341d19928befe38231f36"
          },
          "sensitive_attributes": [],
          "private": "bnVsbA==",
          "dependencies": [
            "aws_ecr_repository.backend",
            "data.aws_caller_identity.current",
            "data.aws_ecr_authorization_token.token"
          ]
        }
      ]
    },
    {
      "mode": "managed",
      "type": "docker_registry_image",
      "name": "frontend",
      "provider": "provider[\"registry.terraform.io/kreuzwerker/docker\"]",
      "instances": [
        {
          "schema_version": 0,
          "attributes": {
            "build": [
              {
                "auth_config": [],
                "build_args": null,
                "build_id": "",
                "cache_from": null,
                "cgroup_parent": "",
                "context": "../apps/express-frontend",
                "cpu_period": 0,
                "cpu_quota": 0,
                "cpu_set_cpus": "",
                "cpu_set_mems": "",
                "cpu_shares": 0,
                "dockerfile": "Dockerfile",
                "extra_hosts": null,
                "force_remove": false,
                "isolation": "",
                "labels": null,
                "memory": 0,
                "memory_swap": 0,
                "network_mode": "",
                "no_cache": false,
                "platform": "",
                "pull_parent": false,
                "remote_context": "",
                "remove": false,
                "security_opt": null,
                "session_id": "",
                "shm_size": 0,
                "squash": false,
                "suppress_output": false,
                "target": "",
                "ulimit": [],
                "version": ""
              }
            ],
            "id": "sha256:e5900ba2f42dbeb0c4e6046c3c820339ee63466149fe14fefd12137f70428edd",
            "insecure_skip_verify": false,
            "keep_remotely": false,
            "name": "381492187662.dkr.ecr.eu-central-1.amazonaws.com/stack-3tier-ecr-repo-frontend:latest",
            "sha256_digest": "sha256:e5900ba2f42dbeb0c4e6046c3c820339ee63466149fe14fefd12137f70428edd"
          },
          "sensitive_attributes": [],
          "private": "bnVsbA==",
          "dependencies": [
            "aws_ecr_repository.frontend",
            "data.aws_caller_identity.current",
            "data.aws_ecr_authorization_token.token"
          ]
        }
      ]
    }
  ],
  "check_results": null
}
